// !$*UTF8*$!
{
	archiveVersion = 1;
	classes = {
	};
	objectVersion = 42;
	objects = {

/* Begin PBXBuildFile section */
		223C54F412E71C1A00EBB595 /* MacGPGME.framework in Copy Frameworks */ = {isa = PBXBuildFile; fileRef = 22B453C212E49106007B26F4 /* MacGPGME.framework */; };
		22B4541312E49136007B26F4 /* MacGPGME.framework in Frameworks */ = {isa = PBXBuildFile; fileRef = 22B4541212E49136007B26F4 /* MacGPGME.framework */; };
		22B4542F12E49149007B26F4 /* MacGPGME.framework in Frameworks */ = {isa = PBXBuildFile; fileRef = 22B4541212E49136007B26F4 /* MacGPGME.framework */; };
		22B4543012E49151007B26F4 /* MacGPGME.framework in Frameworks */ = {isa = PBXBuildFile; fileRef = 22B4541212E49136007B26F4 /* MacGPGME.framework */; };
		22B4543112E49159007B26F4 /* MacGPGME.framework in Frameworks */ = {isa = PBXBuildFile; fileRef = 22B4541212E49136007B26F4 /* MacGPGME.framework */; };
		22B4543212E49160007B26F4 /* MacGPGME.framework in Frameworks */ = {isa = PBXBuildFile; fileRef = 22B4541212E49136007B26F4 /* MacGPGME.framework */; };
		22B4543312E4916A007B26F4 /* MacGPGME.framework in Frameworks */ = {isa = PBXBuildFile; fileRef = 22B4541212E49136007B26F4 /* MacGPGME.framework */; };
		22B4543412E49171007B26F4 /* MacGPGME.framework in Frameworks */ = {isa = PBXBuildFile; fileRef = 22B4541212E49136007B26F4 /* MacGPGME.framework */; };
		22B4543512E49178007B26F4 /* MacGPGME.framework in Frameworks */ = {isa = PBXBuildFile; fileRef = 22B4541212E49136007B26F4 /* MacGPGME.framework */; };
		4B17163809C4881D0019BA72 /* InfoPlist.strings in Resources */ = {isa = PBXBuildFile; fileRef = 089C167DFE841241C02AAC07 /* InfoPlist.strings */; };
		4B17163909C4881D0019BA72 /* GPGPreferences.nib in Resources */ = {isa = PBXBuildFile; fileRef = F506C042013D9D8C01CA16C8 /* GPGPreferences.nib */; };
		4B17163F09C4881D0019BA72 /* Localizable.strings in Resources */ = {isa = PBXBuildFile; fileRef = F52B34DA020F1BC50197BDCC /* Localizable.strings */; };
		4B17164609C4881D0019BA72 /* MacGPG.icns in Resources */ = {isa = PBXBuildFile; fileRef = 55510F9503F83E2B00000001 /* MacGPG.icns */; };
		4B17164809C4881D0019BA72 /* GPGPreferences.m in Sources */ = {isa = PBXBuildFile; fileRef = F506C03D013D9D7901CA16C8 /* GPGPreferences.m */; };
		4B17165309C4881D0019BA72 /* Cocoa.framework in Frameworks */ = {isa = PBXBuildFile; fileRef = 1058C7ADFEA557BF11CA2CBB /* Cocoa.framework */; };
		4B17165409C4881D0019BA72 /* PreferencePanes.framework in Frameworks */ = {isa = PBXBuildFile; fileRef = F506C035013D953901CA16C8 /* PreferencePanes.framework */; };
		555726680D9E5D480012ABA9 /* GPGGlobalPrefs.m in Sources */ = {isa = PBXBuildFile; fileRef = F5FBE28B020D82DC01E2136E /* GPGGlobalPrefs.m */; };
		555726690D9E5D680012ABA9 /* GPGGlobalPrefs.nib in Resources */ = {isa = PBXBuildFile; fileRef = F5FBE287020D7FBD01E2136E /* GPGGlobalPrefs.nib */; };
		5557266A0D9E5D8A0012ABA9 /* SmallAlert5.tiff in Resources */ = {isa = PBXBuildFile; fileRef = F5FBE292020D84FE01E2136E /* SmallAlert5.tiff */; };
		5557266B0D9E5D8D0012ABA9 /* MacGPG.icns in Resources */ = {isa = PBXBuildFile; fileRef = 55510F9503F83E2B00000001 /* MacGPG.icns */; };
		5557266D0D9E5D980012ABA9 /* Cocoa.framework in Frameworks */ = {isa = PBXBuildFile; fileRef = 1058C7ADFEA557BF11CA2CBB /* Cocoa.framework */; };
		5557266E0D9E5D9A0012ABA9 /* PreferencePanes.framework in Frameworks */ = {isa = PBXBuildFile; fileRef = F506C035013D953901CA16C8 /* PreferencePanes.framework */; };
		55AEAFCB0DC4C3DD00D4F622 /* GPGEngineChoiceController.m in Sources */ = {isa = PBXBuildFile; fileRef = 55AEAFCA0DC4C3DD00D4F622 /* GPGEngineChoiceController.m */; };
		55AEAFCE0DC4C3FB00D4F622 /* GPGEngineChoiceController.xib in Resources */ = {isa = PBXBuildFile; fileRef = 55AEAFCC0DC4C3FB00D4F622 /* GPGEngineChoiceController.xib */; };
		55C015BC0D9FBF9800EA8CD5 /* Cocoa.framework in Frameworks */ = {isa = PBXBuildFile; fileRef = 1058C7ADFEA557BF11CA2CBB /* Cocoa.framework */; };
		55C015BD0D9FBF9900EA8CD5 /* PreferencePanes.framework in Frameworks */ = {isa = PBXBuildFile; fileRef = F506C035013D953901CA16C8 /* PreferencePanes.framework */; };
		55C015BF0D9FBFA500EA8CD5 /* Cocoa.framework in Frameworks */ = {isa = PBXBuildFile; fileRef = 1058C7ADFEA557BF11CA2CBB /* Cocoa.framework */; };
		55C015C00D9FBFA600EA8CD5 /* PreferencePanes.framework in Frameworks */ = {isa = PBXBuildFile; fileRef = F506C035013D953901CA16C8 /* PreferencePanes.framework */; };
		55C015C20D9FBFBA00EA8CD5 /* Cocoa.framework in Frameworks */ = {isa = PBXBuildFile; fileRef = 1058C7ADFEA557BF11CA2CBB /* Cocoa.framework */; };
		55C015C30D9FBFBB00EA8CD5 /* PreferencePanes.framework in Frameworks */ = {isa = PBXBuildFile; fileRef = F506C035013D953901CA16C8 /* PreferencePanes.framework */; };
		55C015F10D9FC75B00EA8CD5 /* GPGAgentPrefs.m in Sources */ = {isa = PBXBuildFile; fileRef = 55BDD3550D959F430083C540 /* GPGAgentPrefs.m */; };
		55C017060DA7CB2F00EA8CD5 /* MinusIcon.tiff in Resources */ = {isa = PBXBuildFile; fileRef = F5FBE297020DD14601E2136E /* MinusIcon.tiff */; };
		55C017070DA7CB3200EA8CD5 /* SmallAlert5.tiff in Resources */ = {isa = PBXBuildFile; fileRef = F5FBE292020D84FE01E2136E /* SmallAlert5.tiff */; };
		55C0171F0DA7CB5600EA8CD5 /* PlusIcon.tiff in Resources */ = {isa = PBXBuildFile; fileRef = F5FBE298020DD14601E2136E /* PlusIcon.tiff */; };
		55C017200DA7CB5700EA8CD5 /* MinusIcon.tiff in Resources */ = {isa = PBXBuildFile; fileRef = F5FBE297020DD14601E2136E /* MinusIcon.tiff */; };
		55C017220DA7CB7000EA8CD5 /* SmallAlert5.tiff in Resources */ = {isa = PBXBuildFile; fileRef = F5FBE292020D84FE01E2136E /* SmallAlert5.tiff */; };
		55E342200D9E719800A33DF1 /* GPGGlobalPrefs.prefPane in Resources */ = {isa = PBXBuildFile; fileRef = 5557265A0D9E59D10012ABA9 /* GPGGlobalPrefs.prefPane */; };
		55E3433C0D9EB65B00A33DF1 /* Localizable.strings in Resources */ = {isa = PBXBuildFile; fileRef = 55E3433B0D9EB65B00A33DF1 /* Localizable.strings */; };
		55E343400D9EB6DC00A33DF1 /* InfoPlist.strings in Resources */ = {isa = PBXBuildFile; fileRef = 55E3433F0D9EB6DC00A33DF1 /* InfoPlist.strings */; };
		55E3438C0D9F8D4800A33DF1 /* InfoPlist.strings in Resources */ = {isa = PBXBuildFile; fileRef = 55E343870D9F8D4800A33DF1 /* InfoPlist.strings */; };
		55E3438F0D9F8DF700A33DF1 /* GPGExpertPrefs.m in Sources */ = {isa = PBXBuildFile; fileRef = F5FBE29C020DD61201E2136E /* GPGExpertPrefs.m */; };
		55E343900D9F8DFA00A33DF1 /* GPGExpertPrefs.nib in Resources */ = {isa = PBXBuildFile; fileRef = F5FBE294020DCDF201E2136E /* GPGExpertPrefs.nib */; };
		55E343A50D9F8F2500A33DF1 /* GPGExpertPrefs.prefPane in Resources */ = {isa = PBXBuildFile; fileRef = 55E3437E0D9F8BAB00A33DF1 /* GPGExpertPrefs.prefPane */; };
		55E343AC0D9F8F5400A33DF1 /* Cocoa.framework in Frameworks */ = {isa = PBXBuildFile; fileRef = 1058C7ADFEA557BF11CA2CBB /* Cocoa.framework */; };
		55E343AD0D9F8F5600A33DF1 /* PreferencePanes.framework in Frameworks */ = {isa = PBXBuildFile; fileRef = F506C035013D953901CA16C8 /* PreferencePanes.framework */; };
		55E343BE0D9F935600A33DF1 /* PlusIcon.tiff in Resources */ = {isa = PBXBuildFile; fileRef = F5FBE298020DD14601E2136E /* PlusIcon.tiff */; };
		55E343BF0D9F935700A33DF1 /* MinusIcon.tiff in Resources */ = {isa = PBXBuildFile; fileRef = F5FBE297020DD14601E2136E /* MinusIcon.tiff */; };
		55E344410D9FB92C00A33DF1 /* GPGAgentPrefs.nib in Resources */ = {isa = PBXBuildFile; fileRef = 55E343380D9EB5E200A33DF1 /* GPGAgentPrefs.nib */; };
		55E344540D9FB9BD00A33DF1 /* InfoPlist.strings in Resources */ = {isa = PBXBuildFile; fileRef = 55E3444F0D9FB9BD00A33DF1 /* InfoPlist.strings */; };
		55E344550D9FB9BD00A33DF1 /* Localizable.strings in Resources */ = {isa = PBXBuildFile; fileRef = 55E344510D9FB9BD00A33DF1 /* Localizable.strings */; };
		55E344560D9FBA2200A33DF1 /* GPGKeyServerPrefs.nib in Resources */ = {isa = PBXBuildFile; fileRef = F52A0A2F02132D50016C2AB4 /* GPGKeyServerPrefs.nib */; };
		55E344570D9FBA2400A33DF1 /* KeyServers.plist in Resources */ = {isa = PBXBuildFile; fileRef = F52CD02602146B320157668B /* KeyServers.plist */; };
		55E344580D9FBA2600A33DF1 /* GPGKeyServerPrefs.m in Sources */ = {isa = PBXBuildFile; fileRef = F52A0A33021334A8016C2AB4 /* GPGKeyServerPrefs.m */; };
		55E3445A0D9FBA2F00A33DF1 /* Cocoa.framework in Frameworks */ = {isa = PBXBuildFile; fileRef = 1058C7ADFEA557BF11CA2CBB /* Cocoa.framework */; };
		55E3445B0D9FBA3100A33DF1 /* PreferencePanes.framework in Frameworks */ = {isa = PBXBuildFile; fileRef = F506C035013D953901CA16C8 /* PreferencePanes.framework */; };
		55E3445D0D9FBA3C00A33DF1 /* Cocoa.framework in Frameworks */ = {isa = PBXBuildFile; fileRef = 1058C7ADFEA557BF11CA2CBB /* Cocoa.framework */; };
		55E3445E0D9FBA3D00A33DF1 /* PreferencePanes.framework in Frameworks */ = {isa = PBXBuildFile; fileRef = F506C035013D953901CA16C8 /* PreferencePanes.framework */; };
		55E344680D9FBB7000A33DF1 /* InfoPlist.strings in Resources */ = {isa = PBXBuildFile; fileRef = 55E344630D9FBB7000A33DF1 /* InfoPlist.strings */; };
		55E344730D9FBBAD00A33DF1 /* InfoPlist.strings in Resources */ = {isa = PBXBuildFile; fileRef = 55E3446E0D9FBBAD00A33DF1 /* InfoPlist.strings */; };
		55E3447D0D9FBBF700A33DF1 /* InfoPlist.strings in Resources */ = {isa = PBXBuildFile; fileRef = 55E344780D9FBBF700A33DF1 /* InfoPlist.strings */; };
		55E3447E0D9FBBF700A33DF1 /* Localizable.strings in Resources */ = {isa = PBXBuildFile; fileRef = 55E3447A0D9FBBF700A33DF1 /* Localizable.strings */; };
		55E3447F0D9FBBFF00A33DF1 /* GPGSignaturePrefs.nib in Resources */ = {isa = PBXBuildFile; fileRef = F56A3E130236B5A001A80013 /* GPGSignaturePrefs.nib */; };
		55E344800D9FBC0100A33DF1 /* GPGSignaturePrefs.m in Sources */ = {isa = PBXBuildFile; fileRef = F56A3E100236B48C01A80013 /* GPGSignaturePrefs.m */; };
		55E344810D9FBC0D00A33DF1 /* GPGCompatibilityPrefs.nib in Resources */ = {isa = PBXBuildFile; fileRef = F52A0A28021318E5016C2AB4 /* GPGCompatibilityPrefs.nib */; };
		55E344820D9FBC0E00A33DF1 /* GPGCompatibilityPrefs.m in Sources */ = {isa = PBXBuildFile; fileRef = F52A0A2C021320FE016C2AB4 /* GPGCompatibilityPrefs.m */; };
		55E344830D9FBC1A00A33DF1 /* GPGExtensionsPrefs.nib in Resources */ = {isa = PBXBuildFile; fileRef = F5A027DB023A616901A80013 /* GPGExtensionsPrefs.nib */; };
		55E344840D9FBC1B00A33DF1 /* GPGExtensionsPrefs.m in Sources */ = {isa = PBXBuildFile; fileRef = F5A027DF023A6CB401A80013 /* GPGExtensionsPrefs.m */; };
		55E3448D0D9FBC4F00A33DF1 /* InfoPlist.strings in Resources */ = {isa = PBXBuildFile; fileRef = 55E344880D9FBC4E00A33DF1 /* InfoPlist.strings */; };
		55E3448E0D9FBC4F00A33DF1 /* Localizable.strings in Resources */ = {isa = PBXBuildFile; fileRef = 55E3448A0D9FBC4F00A33DF1 /* Localizable.strings */; };
		55E344AA0D9FBC8B00A33DF1 /* GPGAgentPrefs.prefPane in Resources */ = {isa = PBXBuildFile; fileRef = 55E343DB0D9FB74800A33DF1 /* GPGAgentPrefs.prefPane */; };
		55E344AB0D9FBC8B00A33DF1 /* GPGKeyServerPrefs.prefPane in Resources */ = {isa = PBXBuildFile; fileRef = 55E343EA0D9FB77200A33DF1 /* GPGKeyServerPrefs.prefPane */; };
		55E344AC0D9FBC8B00A33DF1 /* GPGExtensionsPrefs.prefPane in Resources */ = {isa = PBXBuildFile; fileRef = 55E3441A0D9FB79C00A33DF1 /* GPGExtensionsPrefs.prefPane */; };
		55E344AD0D9FBC8B00A33DF1 /* GPGCompatibilityPrefs.prefPane in Resources */ = {isa = PBXBuildFile; fileRef = 55E344290D9FB7D600A33DF1 /* GPGCompatibilityPrefs.prefPane */; };
		55E344AE0D9FBC8B00A33DF1 /* GPGSignaturePrefs.prefPane in Resources */ = {isa = PBXBuildFile; fileRef = 55E344380D9FB80100A33DF1 /* GPGSignaturePrefs.prefPane */; };
		55E826BD0E0561B800EDAE88 /* GPGPreferences.searchTerms in Resources */ = {isa = PBXBuildFile; fileRef = 55E826BC0E0561B800EDAE88 /* GPGPreferences.searchTerms */; };
/* End PBXBuildFile section */

/* Begin PBXContainerItemProxy section */
		22B453C112E49106007B26F4 /* PBXContainerItemProxy */ = {
			isa = PBXContainerItemProxy;
			containerPortal = 22B453B612E49106007B26F4 /* MacGPGME.xcodeproj */;
			proxyType = 2;
			remoteGlobalIDString = 554B55C0069F0111005E1C92;
			remoteInfo = MacGPGME;
		};
		22B453C312E49106007B26F4 /* PBXContainerItemProxy */ = {
			isa = PBXContainerItemProxy;
			containerPortal = 22B453B612E49106007B26F4 /* MacGPGME.xcodeproj */;
			proxyType = 2;
			remoteGlobalIDString = 554B55EB069F0245005E1C92;
			remoteInfo = GPGTester;
		};
		22B453C512E49106007B26F4 /* PBXContainerItemProxy */ = {
			isa = PBXContainerItemProxy;
			containerPortal = 22B453B612E49106007B26F4 /* MacGPGME.xcodeproj */;
			proxyType = 2;
			remoteGlobalIDString = 551DF42B0B2886420061FE17;
			remoteInfo = MacGPGMETesting;
		};
		22B4541712E4913C007B26F4 /* PBXContainerItemProxy */ = {
			isa = PBXContainerItemProxy;
			containerPortal = 22B453B612E49106007B26F4 /* MacGPGME.xcodeproj */;
			proxyType = 1;
			remoteGlobalIDString = 554B558F069F0111005E1C92;
			remoteInfo = MacGPGME;
		};
		555726600D9E59EC0012ABA9 /* PBXContainerItemProxy */ = {
			isa = PBXContainerItemProxy;
			containerPortal = 089C1669FE841209C02AAC07 /* Project object */;
			proxyType = 1;
			remoteGlobalIDString = 555726590D9E59D10012ABA9;
			remoteInfo = GPGGlobalPreferences;
		};
		55E343A00D9F8F0E00A33DF1 /* PBXContainerItemProxy */ = {
			isa = PBXContainerItemProxy;
			containerPortal = 089C1669FE841209C02AAC07 /* Project object */;
			proxyType = 1;
			remoteGlobalIDString = 55E3437D0D9F8BAB00A33DF1;
			remoteInfo = GPGExpertPrefs;
		};
		55E344930D9FBC7500A33DF1 /* PBXContainerItemProxy */ = {
			isa = PBXContainerItemProxy;
			containerPortal = 089C1669FE841209C02AAC07 /* Project object */;
			proxyType = 1;
			remoteGlobalIDString = 55E343DA0D9FB74800A33DF1;
			remoteInfo = GPGAgentPrefs;
		};
		55E344950D9FBC7500A33DF1 /* PBXContainerItemProxy */ = {
			isa = PBXContainerItemProxy;
			containerPortal = 089C1669FE841209C02AAC07 /* Project object */;
			proxyType = 1;
			remoteGlobalIDString = 55E343E90D9FB77200A33DF1;
			remoteInfo = GPGKeyServerPrefs;
		};
		55E344970D9FBC7500A33DF1 /* PBXContainerItemProxy */ = {
			isa = PBXContainerItemProxy;
			containerPortal = 089C1669FE841209C02AAC07 /* Project object */;
			proxyType = 1;
			remoteGlobalIDString = 55E344190D9FB79C00A33DF1;
			remoteInfo = GPGExtensionsPrefs;
		};
		55E344990D9FBC7500A33DF1 /* PBXContainerItemProxy */ = {
			isa = PBXContainerItemProxy;
			containerPortal = 089C1669FE841209C02AAC07 /* Project object */;
			proxyType = 1;
			remoteGlobalIDString = 55E344280D9FB7D600A33DF1;
			remoteInfo = GPGCompatibilityPrefs;
		};
		55E3449B0D9FBC7500A33DF1 /* PBXContainerItemProxy */ = {
			isa = PBXContainerItemProxy;
			containerPortal = 089C1669FE841209C02AAC07 /* Project object */;
			proxyType = 1;
			remoteGlobalIDString = 55E344370D9FB80100A33DF1;
			remoteInfo = GPGSignaturePrefs;
		};
/* End PBXContainerItemProxy section */

/* Begin PBXCopyFilesBuildPhase section */
		55BDD3070D959E0D0083C540 /* Copy Frameworks */ = {
			isa = PBXCopyFilesBuildPhase;
			buildActionMask = 2147483647;
			dstPath = "";
			dstSubfolderSpec = 10;
			files = (
				223C54F412E71C1A00EBB595 /* MacGPGME.framework in Copy Frameworks */,
			);
			name = "Copy Frameworks";
			runOnlyForDeploymentPostprocessing = 0;
		};
/* End PBXCopyFilesBuildPhase section */

/* Begin PBXFileReference section */
		089C1672FE841209C02AAC07 /* Foundation.framework */ = {isa = PBXFileReference; lastKnownFileType = wrapper.framework; name = Foundation.framework; path = /System/Library/Frameworks/Foundation.framework; sourceTree = "<absolute>"; };
		089C167EFE841241C02AAC07 /* English */ = {isa = PBXFileReference; fileEncoding = 4; lastKnownFileType = text.plist.strings; name = English; path = English.lproj/InfoPlist.strings; sourceTree = "<group>"; };
		089C167FFE841241C02AAC07 /* AppKit.framework */ = {isa = PBXFileReference; lastKnownFileType = wrapper.framework; name = AppKit.framework; path = /System/Library/Frameworks/AppKit.framework; sourceTree = "<absolute>"; };
		1058C7ADFEA557BF11CA2CBB /* Cocoa.framework */ = {isa = PBXFileReference; lastKnownFileType = wrapper.framework; name = Cocoa.framework; path = /System/Library/Frameworks/Cocoa.framework; sourceTree = "<absolute>"; };
		22B453B612E49106007B26F4 /* MacGPGME.xcodeproj */ = {isa = PBXFileReference; lastKnownFileType = "wrapper.pb-project"; name = MacGPGME.xcodeproj; path = Dependencies/MacGPGME/MacGPGME.xcodeproj; sourceTree = "<group>"; };
		22B4541212E49136007B26F4 /* MacGPGME.framework */ = {isa = PBXFileReference; lastKnownFileType = wrapper.framework; name = MacGPGME.framework; path = Dependencies/MacGPGME/build/Release/MacGPGME.framework; sourceTree = "<group>"; };
		4B17165D09C4881D0019BA72 /* GPGPreferences.plist */ = {isa = PBXFileReference; lastKnownFileType = text.plist.xml; path = GPGPreferences.plist; sourceTree = "<group>"; };
		4B17165E09C4881E0019BA72 /* GnuPG.prefPane */ = {isa = PBXFileReference; explicitFileType = wrapper.cfbundle; includeInIndex = 0; path = GnuPG.prefPane; sourceTree = BUILT_PRODUCTS_DIR; };
		4B171A5309C4B3090019BA72 /* Installer */ = {isa = PBXFileReference; lastKnownFileType = folder; path = Installer; sourceTree = "<group>"; };
		55510F9503F83E2B00000001 /* MacGPG.icns */ = {isa = PBXFileReference; lastKnownFileType = image.icns; path = MacGPG.icns; sourceTree = "<group>"; };
		5557265A0D9E59D10012ABA9 /* GPGGlobalPrefs.prefPane */ = {isa = PBXFileReference; explicitFileType = wrapper.cfbundle; includeInIndex = 0; path = GPGGlobalPrefs.prefPane; sourceTree = BUILT_PRODUCTS_DIR; };
		5557265B0D9E59D10012ABA9 /* GPGGlobalPrefs-Info.plist */ = {isa = PBXFileReference; lastKnownFileType = text.plist.xml; name = "GPGGlobalPrefs-Info.plist"; path = "GPGGlobalPrefs/GPGGlobalPrefs-Info.plist"; sourceTree = "<group>"; };
		55AEAFC90DC4C3DD00D4F622 /* GPGEngineChoiceController.h */ = {isa = PBXFileReference; fileEncoding = 4; lastKnownFileType = sourcecode.c.h; name = GPGEngineChoiceController.h; path = GPGGlobalPrefs/GPGEngineChoiceController.h; sourceTree = "<group>"; };
		55AEAFCA0DC4C3DD00D4F622 /* GPGEngineChoiceController.m */ = {isa = PBXFileReference; fileEncoding = 4; lastKnownFileType = sourcecode.c.objc; name = GPGEngineChoiceController.m; path = GPGGlobalPrefs/GPGEngineChoiceController.m; sourceTree = "<group>"; };
		55AEAFCD0DC4C3FB00D4F622 /* English */ = {isa = PBXFileReference; lastKnownFileType = file.xib; name = English; path = GPGGlobalPrefs/English.lproj/GPGEngineChoiceController.xib; sourceTree = "<group>"; };
		55BDD3530D959F430083C540 /* English */ = {isa = PBXFileReference; explicitFileType = text.plist; fileEncoding = 4; name = English; path = English.lproj/GPGPreferences.searchTerms; sourceTree = "<group>"; };
		55BDD3540D959F430083C540 /* GPGAgentPrefs.h */ = {isa = PBXFileReference; fileEncoding = 4; lastKnownFileType = sourcecode.c.h; name = GPGAgentPrefs.h; path = GPGAgentPrefs/GPGAgentPrefs.h; sourceTree = "<group>"; };
		55BDD3550D959F430083C540 /* GPGAgentPrefs.m */ = {isa = PBXFileReference; fileEncoding = 4; lastKnownFileType = sourcecode.c.objc; name = GPGAgentPrefs.m; path = GPGAgentPrefs/GPGAgentPrefs.m; sourceTree = "<group>"; };
		55BDD3560D959F430083C540 /* English */ = {isa = PBXFileReference; lastKnownFileType = wrapper.nib; name = English; path = GPGAgentPrefs/English.lproj/GPGAgentPrefs.nib; sourceTree = "<group>"; };
		55E341CA0D9E688900A33DF1 /* GPGPreferences.pch */ = {isa = PBXFileReference; fileEncoding = 4; lastKnownFileType = sourcecode.c.h; path = GPGPreferences.pch; sourceTree = "<group>"; };
		55E343390D9EB63500A33DF1 /* English */ = {isa = PBXFileReference; fileEncoding = 4; lastKnownFileType = text.plist.strings; name = English; path = GPGGlobalPrefs/English.lproj/Localizable.strings; sourceTree = "<group>"; };
		55E3433D0D9EB6D100A33DF1 /* English */ = {isa = PBXFileReference; fileEncoding = 4; lastKnownFileType = text.plist.strings; name = English; path = GPGGlobalPrefs/English.lproj/InfoPlist.strings; sourceTree = "<group>"; };
		55E3437E0D9F8BAB00A33DF1 /* GPGExpertPrefs.prefPane */ = {isa = PBXFileReference; explicitFileType = wrapper.cfbundle; includeInIndex = 0; path = GPGExpertPrefs.prefPane; sourceTree = BUILT_PRODUCTS_DIR; };
		55E343880D9F8D4800A33DF1 /* English */ = {isa = PBXFileReference; fileEncoding = 4; lastKnownFileType = text.plist.strings; name = English; path = GPGExpertPrefs/English.lproj/InfoPlist.strings; sourceTree = "<group>"; };
		55E3438E0D9F8D9B00A33DF1 /* GPGExpertPrefs-Info.plist */ = {isa = PBXFileReference; fileEncoding = 4; lastKnownFileType = text.plist.xml; name = "GPGExpertPrefs-Info.plist"; path = "GPGExpertPrefs/GPGExpertPrefs-Info.plist"; sourceTree = "<group>"; };
		55E343DB0D9FB74800A33DF1 /* GPGAgentPrefs.prefPane */ = {isa = PBXFileReference; explicitFileType = wrapper.cfbundle; includeInIndex = 0; path = GPGAgentPrefs.prefPane; sourceTree = BUILT_PRODUCTS_DIR; };
		55E343EA0D9FB77200A33DF1 /* GPGKeyServerPrefs.prefPane */ = {isa = PBXFileReference; explicitFileType = wrapper.cfbundle; includeInIndex = 0; path = GPGKeyServerPrefs.prefPane; sourceTree = BUILT_PRODUCTS_DIR; };
		55E3441A0D9FB79C00A33DF1 /* GPGExtensionsPrefs.prefPane */ = {isa = PBXFileReference; explicitFileType = wrapper.cfbundle; includeInIndex = 0; path = GPGExtensionsPrefs.prefPane; sourceTree = BUILT_PRODUCTS_DIR; };
		55E344290D9FB7D600A33DF1 /* GPGCompatibilityPrefs.prefPane */ = {isa = PBXFileReference; explicitFileType = wrapper.cfbundle; includeInIndex = 0; path = GPGCompatibilityPrefs.prefPane; sourceTree = BUILT_PRODUCTS_DIR; };
		55E344380D9FB80100A33DF1 /* GPGSignaturePrefs.prefPane */ = {isa = PBXFileReference; explicitFileType = wrapper.cfbundle; includeInIndex = 0; path = GPGSignaturePrefs.prefPane; sourceTree = BUILT_PRODUCTS_DIR; };
		55E3444C0D9FB99E00A33DF1 /* GPGAgentPrefs-Info.plist */ = {isa = PBXFileReference; fileEncoding = 4; lastKnownFileType = text.plist.xml; name = "GPGAgentPrefs-Info.plist"; path = "GPGAgentPrefs/GPGAgentPrefs-Info.plist"; sourceTree = "<group>"; };
		55E344500D9FB9BD00A33DF1 /* English */ = {isa = PBXFileReference; fileEncoding = 4; lastKnownFileType = text.plist.strings; name = English; path = GPGAgentPrefs/English.lproj/InfoPlist.strings; sourceTree = "<group>"; };
		55E344520D9FB9BD00A33DF1 /* English */ = {isa = PBXFileReference; fileEncoding = 4; lastKnownFileType = text.plist.strings; name = English; path = GPGAgentPrefs/English.lproj/Localizable.strings; sourceTree = "<group>"; };
		55E344600D9FBB5900A33DF1 /* GPGKeyServerPrefs-Info.plist */ = {isa = PBXFileReference; fileEncoding = 4; lastKnownFileType = text.plist.xml; name = "GPGKeyServerPrefs-Info.plist"; path = "GPGKeyServerPrefs/GPGKeyServerPrefs-Info.plist"; sourceTree = "<group>"; };
		55E344640D9FBB7000A33DF1 /* English */ = {isa = PBXFileReference; fileEncoding = 4; lastKnownFileType = text.plist.strings; name = English; path = GPGKeyServerPrefs/English.lproj/InfoPlist.strings; sourceTree = "<group>"; };
		55E3446A0D9FBB9600A33DF1 /* GPGCompatibilityPrefs-Info.plist */ = {isa = PBXFileReference; fileEncoding = 4; lastKnownFileType = text.plist.xml; name = "GPGCompatibilityPrefs-Info.plist"; path = "GPGCompatibilityPrefs/GPGCompatibilityPrefs-Info.plist"; sourceTree = "<group>"; };
		55E3446F0D9FBBAD00A33DF1 /* English */ = {isa = PBXFileReference; fileEncoding = 4; lastKnownFileType = text.plist.strings; name = English; path = GPGCompatibilityPrefs/English.lproj/InfoPlist.strings; sourceTree = "<group>"; };
		55E344750D9FBBDD00A33DF1 /* GPGSignaturePrefs-Info.plist */ = {isa = PBXFileReference; fileEncoding = 4; lastKnownFileType = text.plist.xml; name = "GPGSignaturePrefs-Info.plist"; path = "GPGSignaturePrefs/GPGSignaturePrefs-Info.plist"; sourceTree = "<group>"; };
		55E344790D9FBBF700A33DF1 /* English */ = {isa = PBXFileReference; fileEncoding = 4; lastKnownFileType = text.plist.strings; name = English; path = GPGSignaturePrefs/English.lproj/InfoPlist.strings; sourceTree = "<group>"; };
		55E3447B0D9FBBF700A33DF1 /* English */ = {isa = PBXFileReference; fileEncoding = 4; lastKnownFileType = text.plist.strings; name = English; path = GPGSignaturePrefs/English.lproj/Localizable.strings; sourceTree = "<group>"; };
		55E344850D9FBC3200A33DF1 /* GPGExtensionsPrefs-Info.plist */ = {isa = PBXFileReference; fileEncoding = 4; lastKnownFileType = text.plist.xml; name = "GPGExtensionsPrefs-Info.plist"; path = "GPGExtensionsPrefs/GPGExtensionsPrefs-Info.plist"; sourceTree = "<group>"; };
		55E344890D9FBC4F00A33DF1 /* English */ = {isa = PBXFileReference; fileEncoding = 4; lastKnownFileType = text.plist.strings; name = English; path = GPGExtensionsPrefs/English.lproj/InfoPlist.strings; sourceTree = "<group>"; };
		55E3448B0D9FBC4F00A33DF1 /* English */ = {isa = PBXFileReference; fileEncoding = 4; lastKnownFileType = text.plist.strings; name = English; path = GPGExtensionsPrefs/English.lproj/Localizable.strings; sourceTree = "<group>"; };
		55E826440E054E0500EDAE88 /* French */ = {isa = PBXFileReference; fileEncoding = 4; lastKnownFileType = text.plist.strings; name = French; path = GPGGlobalPrefs/French.lproj/Localizable.strings; sourceTree = "<group>"; };
		55E8264D0E054FA100EDAE88 /* French */ = {isa = PBXFileReference; fileEncoding = 4; lastKnownFileType = text.plist.strings; name = French; path = GPGGlobalPrefs/French.lproj/InfoPlist.strings; sourceTree = "<group>"; };
		55E8264E0E05504900EDAE88 /* French */ = {isa = PBXFileReference; fileEncoding = 4; lastKnownFileType = text.plist.strings; name = French; path = GPGKeyServerPrefs/French.lproj/InfoPlist.strings; sourceTree = "<group>"; };
		55E8264F0E0550FC00EDAE88 /* French */ = {isa = PBXFileReference; fileEncoding = 4; lastKnownFileType = text.plist.strings; name = French; path = GPGCompatibilityPrefs/French.lproj/InfoPlist.strings; sourceTree = "<group>"; };
		55E8266E0E0551BA00EDAE88 /* French */ = {isa = PBXFileReference; fileEncoding = 4; lastKnownFileType = text.plist.strings; name = French; path = GPGSignaturePrefs/French.lproj/InfoPlist.strings; sourceTree = "<group>"; };
		55E8266F0E05520300EDAE88 /* French */ = {isa = PBXFileReference; fileEncoding = 4; lastKnownFileType = text.plist.strings; name = French; path = GPGAgentPrefs/French.lproj/InfoPlist.strings; sourceTree = "<group>"; };
		55E826700E05523100EDAE88 /* French */ = {isa = PBXFileReference; fileEncoding = 4; lastKnownFileType = text.plist.strings; name = French; path = GPGExtensionsPrefs/French.lproj/InfoPlist.strings; sourceTree = "<group>"; };
		55E826910E05527800EDAE88 /* French */ = {isa = PBXFileReference; fileEncoding = 4; lastKnownFileType = text.plist.strings; name = French; path = GPGExpertPrefs/French.lproj/InfoPlist.strings; sourceTree = "<group>"; };
		55E826990E0553D700EDAE88 /* French */ = {isa = PBXFileReference; fileEncoding = 4; lastKnownFileType = text.plist.strings; name = French; path = GPGSignaturePrefs/French.lproj/Localizable.strings; sourceTree = "<group>"; };
		55E826A00E05547C00EDAE88 /* French */ = {isa = PBXFileReference; fileEncoding = 4; lastKnownFileType = text.plist.strings; name = French; path = GPGAgentPrefs/French.lproj/Localizable.strings; sourceTree = "<group>"; };
		55E826A10E05556200EDAE88 /* French */ = {isa = PBXFileReference; fileEncoding = 4; lastKnownFileType = text.plist.strings; name = French; path = GPGExtensionsPrefs/French.lproj/Localizable.strings; sourceTree = "<group>"; };
		55E826BE0E0561F800EDAE88 /* French */ = {isa = PBXFileReference; explicitFileType = text.plist; fileEncoding = 4; name = French; path = French.lproj/GPGPreferences.searchTerms; sourceTree = "<group>"; };
		F506C035013D953901CA16C8 /* PreferencePanes.framework */ = {isa = PBXFileReference; lastKnownFileType = wrapper.framework; name = PreferencePanes.framework; path = /System/Library/Frameworks/PreferencePanes.framework; sourceTree = "<absolute>"; };
		F506C03C013D9D7901CA16C8 /* GPGPreferences.h */ = {isa = PBXFileReference; fileEncoding = 30; lastKnownFileType = sourcecode.c.h; path = GPGPreferences.h; sourceTree = "<group>"; };
		F506C03D013D9D7901CA16C8 /* GPGPreferences.m */ = {isa = PBXFileReference; fileEncoding = 30; lastKnownFileType = sourcecode.c.objc; path = GPGPreferences.m; sourceTree = "<group>"; };
		F506C043013D9D8C01CA16C8 /* English */ = {isa = PBXFileReference; lastKnownFileType = wrapper.nib; name = English; path = English.lproj/GPGPreferences.nib; sourceTree = "<group>"; };
		F50827260309F9D301000104 /* Danish */ = {isa = PBXFileReference; fileEncoding = 4; lastKnownFileType = text.plist.strings; name = Danish; path = Danish.lproj/InfoPlist.strings; sourceTree = "<group>"; };
		F50827280309F9D301000104 /* Danish */ = {isa = PBXFileReference; lastKnownFileType = wrapper.nib; name = Danish; path = Danish.lproj/GPGPreferences.nib; sourceTree = "<group>"; };
		F50A02C202FE09A701000104 /* Swedish */ = {isa = PBXFileReference; fileEncoding = 4; lastKnownFileType = text.plist.strings; name = Swedish; path = Swedish.lproj/InfoPlist.strings; sourceTree = "<group>"; };
		F50A02C402FE09A701000104 /* Swedish */ = {isa = PBXFileReference; lastKnownFileType = wrapper.nib; name = Swedish; path = Swedish.lproj/GPGPreferences.nib; sourceTree = "<group>"; };
		F5280921032A958001000001 /* Italian */ = {isa = PBXFileReference; fileEncoding = 4; lastKnownFileType = text.plist.strings; name = Italian; path = Italian.lproj/InfoPlist.strings; sourceTree = "<group>"; };
		F5280923032A979201000001 /* Italian */ = {isa = PBXFileReference; lastKnownFileType = wrapper.nib; name = Italian; path = Italian.lproj/GPGPreferences.nib; sourceTree = "<group>"; };
		F52A0A29021318E5016C2AB4 /* English */ = {isa = PBXFileReference; lastKnownFileType = wrapper.nib; name = English; path = GPGCompatibilityPrefs/English.lproj/GPGCompatibilityPrefs.nib; sourceTree = "<group>"; };
		F52A0A2B021320FE016C2AB4 /* GPGCompatibilityPrefs.h */ = {isa = PBXFileReference; fileEncoding = 30; lastKnownFileType = sourcecode.c.h; name = GPGCompatibilityPrefs.h; path = GPGCompatibilityPrefs/GPGCompatibilityPrefs.h; sourceTree = "<group>"; };
		F52A0A2C021320FE016C2AB4 /* GPGCompatibilityPrefs.m */ = {isa = PBXFileReference; fileEncoding = 30; lastKnownFileType = sourcecode.c.objc; name = GPGCompatibilityPrefs.m; path = GPGCompatibilityPrefs/GPGCompatibilityPrefs.m; sourceTree = "<group>"; };
		F52A0A3002132D50016C2AB4 /* English */ = {isa = PBXFileReference; lastKnownFileType = wrapper.nib; name = English; path = GPGKeyServerPrefs/English.lproj/GPGKeyServerPrefs.nib; sourceTree = "<group>"; };
		F52A0A32021334A8016C2AB4 /* GPGKeyServerPrefs.h */ = {isa = PBXFileReference; fileEncoding = 30; lastKnownFileType = sourcecode.c.h; name = GPGKeyServerPrefs.h; path = GPGKeyServerPrefs/GPGKeyServerPrefs.h; sourceTree = "<group>"; };
		F52A0A33021334A8016C2AB4 /* GPGKeyServerPrefs.m */ = {isa = PBXFileReference; fileEncoding = 30; lastKnownFileType = sourcecode.c.objc; name = GPGKeyServerPrefs.m; path = GPGKeyServerPrefs/GPGKeyServerPrefs.m; sourceTree = "<group>"; };
		F52B34DB020F1BC50197BDCC /* English */ = {isa = PBXFileReference; fileEncoding = 4; lastKnownFileType = text.plist.strings; name = English; path = English.lproj/Localizable.strings; sourceTree = "<group>"; };
		F52CD02602146B320157668B /* KeyServers.plist */ = {isa = PBXFileReference; fileEncoding = 4; lastKnownFileType = text.plist; name = KeyServers.plist; path = GPGKeyServerPrefs/KeyServers.plist; sourceTree = "<group>"; };
		F53869240232BC2701A80016 /* French */ = {isa = PBXFileReference; lastKnownFileType = wrapper.nib; name = French; path = French.lproj/GPGPreferences.nib; sourceTree = "<group>"; };
		F5593EDF0232637C01A80016 /* French */ = {isa = PBXFileReference; fileEncoding = 4; lastKnownFileType = text.plist.strings; name = French; path = French.lproj/InfoPlist.strings; sourceTree = "<group>"; };
		F5593EE00232637C01A80016 /* French */ = {isa = PBXFileReference; fileEncoding = 4; lastKnownFileType = text.plist.strings; name = French; path = French.lproj/Localizable.strings; sourceTree = "<group>"; };
		F56A3E0F0236B48C01A80013 /* GPGSignaturePrefs.h */ = {isa = PBXFileReference; fileEncoding = 30; lastKnownFileType = sourcecode.c.h; name = GPGSignaturePrefs.h; path = GPGSignaturePrefs/GPGSignaturePrefs.h; sourceTree = "<group>"; };
		F56A3E100236B48C01A80013 /* GPGSignaturePrefs.m */ = {isa = PBXFileReference; fileEncoding = 30; lastKnownFileType = sourcecode.c.objc; name = GPGSignaturePrefs.m; path = GPGSignaturePrefs/GPGSignaturePrefs.m; sourceTree = "<group>"; };
		F56A3E140236B5A001A80013 /* English */ = {isa = PBXFileReference; lastKnownFileType = wrapper.nib; name = English; path = GPGSignaturePrefs/English.lproj/GPGSignaturePrefs.nib; sourceTree = "<group>"; };
		F56EE6320243C36801A80016 /* Spanish */ = {isa = PBXFileReference; fileEncoding = 4; lastKnownFileType = text.plist.strings; name = Spanish; path = Spanish.lproj/InfoPlist.strings; sourceTree = "<group>"; };
		F56EE6330243C36801A80016 /* Spanish */ = {isa = PBXFileReference; lastKnownFileType = wrapper.nib; name = Spanish; path = Spanish.lproj/GPGPreferences.nib; sourceTree = "<group>"; };
		F599A066027CE17901D17707 /* German */ = {isa = PBXFileReference; fileEncoding = 4; lastKnownFileType = text.plist.strings; name = German; path = German.lproj/InfoPlist.strings; sourceTree = "<group>"; };
		F599A068027CE17901D17707 /* German */ = {isa = PBXFileReference; lastKnownFileType = wrapper.nib; name = German; path = German.lproj/GPGPreferences.nib; sourceTree = "<group>"; };
		F5A027DC023A616901A80013 /* English */ = {isa = PBXFileReference; lastKnownFileType = wrapper.nib; name = English; path = GPGExtensionsPrefs/English.lproj/GPGExtensionsPrefs.nib; sourceTree = "<group>"; };
		F5A027DE023A6CB401A80013 /* GPGExtensionsPrefs.h */ = {isa = PBXFileReference; fileEncoding = 30; lastKnownFileType = sourcecode.c.h; name = GPGExtensionsPrefs.h; path = GPGExtensionsPrefs/GPGExtensionsPrefs.h; sourceTree = "<group>"; };
		F5A027DF023A6CB401A80013 /* GPGExtensionsPrefs.m */ = {isa = PBXFileReference; fileEncoding = 30; lastKnownFileType = sourcecode.c.objc; name = GPGExtensionsPrefs.m; path = GPGExtensionsPrefs/GPGExtensionsPrefs.m; sourceTree = "<group>"; };
		F5FBE27D020D723C01E2136E /* gpgSettings.txt */ = {isa = PBXFileReference; fileEncoding = 30; lastKnownFileType = text; path = gpgSettings.txt; sourceTree = "<group>"; };
		F5FBE288020D7FBD01E2136E /* English */ = {isa = PBXFileReference; lastKnownFileType = wrapper.nib; name = English; path = GPGGlobalPrefs/English.lproj/GPGGlobalPrefs.nib; sourceTree = "<group>"; };
		F5FBE28A020D82DC01E2136E /* GPGGlobalPrefs.h */ = {isa = PBXFileReference; fileEncoding = 30; lastKnownFileType = sourcecode.c.h; name = GPGGlobalPrefs.h; path = GPGGlobalPrefs/GPGGlobalPrefs.h; sourceTree = "<group>"; };
		F5FBE28B020D82DC01E2136E /* GPGGlobalPrefs.m */ = {isa = PBXFileReference; fileEncoding = 30; lastKnownFileType = sourcecode.c.objc; name = GPGGlobalPrefs.m; path = GPGGlobalPrefs/GPGGlobalPrefs.m; sourceTree = "<group>"; };
		F5FBE292020D84FE01E2136E /* SmallAlert5.tiff */ = {isa = PBXFileReference; lastKnownFileType = image.tiff; path = SmallAlert5.tiff; sourceTree = "<group>"; };
		F5FBE295020DCDF201E2136E /* English */ = {isa = PBXFileReference; lastKnownFileType = wrapper.nib; name = English; path = GPGExpertPrefs/English.lproj/GPGExpertPrefs.nib; sourceTree = "<group>"; };
		F5FBE297020DD14601E2136E /* MinusIcon.tiff */ = {isa = PBXFileReference; lastKnownFileType = image.tiff; path = MinusIcon.tiff; sourceTree = "<group>"; };
		F5FBE298020DD14601E2136E /* PlusIcon.tiff */ = {isa = PBXFileReference; lastKnownFileType = image.tiff; path = PlusIcon.tiff; sourceTree = "<group>"; };
		F5FBE29B020DD61201E2136E /* GPGExpertPrefs.h */ = {isa = PBXFileReference; fileEncoding = 30; lastKnownFileType = sourcecode.c.h; name = GPGExpertPrefs.h; path = GPGExpertPrefs/GPGExpertPrefs.h; sourceTree = "<group>"; };
		F5FBE29C020DD61201E2136E /* GPGExpertPrefs.m */ = {isa = PBXFileReference; fileEncoding = 30; lastKnownFileType = sourcecode.c.objc; name = GPGExpertPrefs.m; path = GPGExpertPrefs/GPGExpertPrefs.m; sourceTree = "<group>"; };
/* End PBXFileReference section */

/* Begin PBXFrameworksBuildPhase section */
		4B17165209C4881D0019BA72 /* Frameworks */ = {
			isa = PBXFrameworksBuildPhase;
			buildActionMask = 2147483647;
			files = (
				4B17165309C4881D0019BA72 /* Cocoa.framework in Frameworks */,
				4B17165409C4881D0019BA72 /* PreferencePanes.framework in Frameworks */,
				22B4541312E49136007B26F4 /* MacGPGME.framework in Frameworks */,
			);
			runOnlyForDeploymentPostprocessing = 0;
		};
		555726580D9E59D10012ABA9 /* Frameworks */ = {
			isa = PBXFrameworksBuildPhase;
			buildActionMask = 2147483647;
			files = (
				5557266D0D9E5D980012ABA9 /* Cocoa.framework in Frameworks */,
				5557266E0D9E5D9A0012ABA9 /* PreferencePanes.framework in Frameworks */,
				22B4542F12E49149007B26F4 /* MacGPGME.framework in Frameworks */,
			);
			runOnlyForDeploymentPostprocessing = 0;
		};
		55E3437C0D9F8BAB00A33DF1 /* Frameworks */ = {
			isa = PBXFrameworksBuildPhase;
			buildActionMask = 2147483647;
			files = (
				55E343AC0D9F8F5400A33DF1 /* Cocoa.framework in Frameworks */,
				55E343AD0D9F8F5600A33DF1 /* PreferencePanes.framework in Frameworks */,
				22B4543512E49178007B26F4 /* MacGPGME.framework in Frameworks */,
			);
			runOnlyForDeploymentPostprocessing = 0;
		};
		55E343D90D9FB74800A33DF1 /* Frameworks */ = {
			isa = PBXFrameworksBuildPhase;
			buildActionMask = 2147483647;
			files = (
				55E3445D0D9FBA3C00A33DF1 /* Cocoa.framework in Frameworks */,
				55E3445E0D9FBA3D00A33DF1 /* PreferencePanes.framework in Frameworks */,
				22B4543312E4916A007B26F4 /* MacGPGME.framework in Frameworks */,
			);
			runOnlyForDeploymentPostprocessing = 0;
		};
		55E343E80D9FB77200A33DF1 /* Frameworks */ = {
			isa = PBXFrameworksBuildPhase;
			buildActionMask = 2147483647;
			files = (
				55E3445A0D9FBA2F00A33DF1 /* Cocoa.framework in Frameworks */,
				55E3445B0D9FBA3100A33DF1 /* PreferencePanes.framework in Frameworks */,
				22B4543012E49151007B26F4 /* MacGPGME.framework in Frameworks */,
			);
			runOnlyForDeploymentPostprocessing = 0;
		};
		55E344180D9FB79C00A33DF1 /* Frameworks */ = {
			isa = PBXFrameworksBuildPhase;
			buildActionMask = 2147483647;
			files = (
				55C015BC0D9FBF9800EA8CD5 /* Cocoa.framework in Frameworks */,
				55C015BD0D9FBF9900EA8CD5 /* PreferencePanes.framework in Frameworks */,
				22B4543412E49171007B26F4 /* MacGPGME.framework in Frameworks */,
			);
			runOnlyForDeploymentPostprocessing = 0;
		};
		55E344270D9FB7D600A33DF1 /* Frameworks */ = {
			isa = PBXFrameworksBuildPhase;
			buildActionMask = 2147483647;
			files = (
				55C015BF0D9FBFA500EA8CD5 /* Cocoa.framework in Frameworks */,
				55C015C00D9FBFA600EA8CD5 /* PreferencePanes.framework in Frameworks */,
				22B4543112E49159007B26F4 /* MacGPGME.framework in Frameworks */,
			);
			runOnlyForDeploymentPostprocessing = 0;
		};
		55E344360D9FB80100A33DF1 /* Frameworks */ = {
			isa = PBXFrameworksBuildPhase;
			buildActionMask = 2147483647;
			files = (
				55C015C20D9FBFBA00EA8CD5 /* Cocoa.framework in Frameworks */,
				55C015C30D9FBFBB00EA8CD5 /* PreferencePanes.framework in Frameworks */,
				22B4543212E49160007B26F4 /* MacGPGME.framework in Frameworks */,
			);
			runOnlyForDeploymentPostprocessing = 0;
		};
/* End PBXFrameworksBuildPhase section */

/* Begin PBXGroup section */
		089C166AFE841209C02AAC07 /* GPGPreferences */ = {
			isa = PBXGroup;
			children = (
				22B453D712E4910F007B26F4 /* Dependencies */,
				F5FBE27C020D720801E2136E /* Documentation */,
				555726750D9E5DEE0012ABA9 /* GPGGlobalPrefs */,
				55E3432B0D9EB34100A33DF1 /* GPGKeyServerPrefs */,
				55E343540D9EBB1700A33DF1 /* GPGCompatibilityPrefs */,
				55E343570D9EBB2B00A33DF1 /* GPGSignaturePrefs */,
				55E3435D0D9EBB9000A33DF1 /* GPGAgentPrefs */,
				55E3435A0D9EBB4300A33DF1 /* GPGExtensionsPrefs */,
				55E343510D9EBAFB00A33DF1 /* GPGExpertPrefs */,
				08FB77AFFE84173DC02AAC07 /* Classes */,
				089C167CFE841241C02AAC07 /* Resources */,
				089C1671FE841209C02AAC07 /* Frameworks and Libraries */,
				19C28FB8FE9D52D311CA2CBB /* Products */,
				4B171A5309C4B3090019BA72 /* Installer */,
				55E341CA0D9E688900A33DF1 /* GPGPreferences.pch */,
			);
			name = GPGPreferences;
			sourceTree = "<group>";
		};
		089C1671FE841209C02AAC07 /* Frameworks and Libraries */ = {
			isa = PBXGroup;
			children = (
				1058C7ACFEA557BF11CA2CBB /* Linked Frameworks */,
				1058C7AEFEA557BF11CA2CBB /* Other Frameworks */,
			);
			name = "Frameworks and Libraries";
			sourceTree = "<group>";
		};
		089C167CFE841241C02AAC07 /* Resources */ = {
			isa = PBXGroup;
			children = (
				55E826BC0E0561B800EDAE88 /* GPGPreferences.searchTerms */,
				4B17165D09C4881D0019BA72 /* GPGPreferences.plist */,
				089C167DFE841241C02AAC07 /* InfoPlist.strings */,
				F52B34DA020F1BC50197BDCC /* Localizable.strings */,
				F506C042013D9D8C01CA16C8 /* GPGPreferences.nib */,
				F5FBE292020D84FE01E2136E /* SmallAlert5.tiff */,
				F5FBE297020DD14601E2136E /* MinusIcon.tiff */,
				F5FBE298020DD14601E2136E /* PlusIcon.tiff */,
				55510F9503F83E2B00000001 /* MacGPG.icns */,
			);
			name = Resources;
			sourceTree = "<group>";
		};
		08FB77AFFE84173DC02AAC07 /* Classes */ = {
			isa = PBXGroup;
			children = (
				F506C03C013D9D7901CA16C8 /* GPGPreferences.h */,
				F506C03D013D9D7901CA16C8 /* GPGPreferences.m */,
			);
			name = Classes;
			sourceTree = "<group>";
		};
		1058C7ACFEA557BF11CA2CBB /* Linked Frameworks */ = {
			isa = PBXGroup;
			children = (
				22B4541212E49136007B26F4 /* MacGPGME.framework */,
				1058C7ADFEA557BF11CA2CBB /* Cocoa.framework */,
				F506C035013D953901CA16C8 /* PreferencePanes.framework */,
			);
			name = "Linked Frameworks";
			sourceTree = "<group>";
		};
		1058C7AEFEA557BF11CA2CBB /* Other Frameworks */ = {
			isa = PBXGroup;
			children = (
				089C1672FE841209C02AAC07 /* Foundation.framework */,
				089C167FFE841241C02AAC07 /* AppKit.framework */,
			);
			name = "Other Frameworks";
			sourceTree = "<group>";
		};
		19C28FB8FE9D52D311CA2CBB /* Products */ = {
			isa = PBXGroup;
			children = (
				4B17165E09C4881E0019BA72 /* GnuPG.prefPane */,
				5557265A0D9E59D10012ABA9 /* GPGGlobalPrefs.prefPane */,
				55E3437E0D9F8BAB00A33DF1 /* GPGExpertPrefs.prefPane */,
				55E343DB0D9FB74800A33DF1 /* GPGAgentPrefs.prefPane */,
				55E343EA0D9FB77200A33DF1 /* GPGKeyServerPrefs.prefPane */,
				55E3441A0D9FB79C00A33DF1 /* GPGExtensionsPrefs.prefPane */,
				55E344290D9FB7D600A33DF1 /* GPGCompatibilityPrefs.prefPane */,
				55E344380D9FB80100A33DF1 /* GPGSignaturePrefs.prefPane */,
			);
			name = Products;
			sourceTree = "<group>";
		};
		22B453B712E49106007B26F4 /* Products */ = {
			isa = PBXGroup;
			children = (
				22B453C212E49106007B26F4 /* MacGPGME.framework */,
				22B453C412E49106007B26F4 /* GPGTester.app */,
				22B453C612E49106007B26F4 /* MacGPGMETesting.octest */,
			);
			name = Products;
			sourceTree = "<group>";
		};
		22B453D712E4910F007B26F4 /* Dependencies */ = {
			isa = PBXGroup;
			children = (
				22B453B612E49106007B26F4 /* MacGPGME.xcodeproj */,
			);
			name = Dependencies;
			sourceTree = "<group>";
		};
		555726750D9E5DEE0012ABA9 /* GPGGlobalPrefs */ = {
			isa = PBXGroup;
			children = (
				5557265B0D9E59D10012ABA9 /* GPGGlobalPrefs-Info.plist */,
				F5FBE28A020D82DC01E2136E /* GPGGlobalPrefs.h */,
				F5FBE28B020D82DC01E2136E /* GPGGlobalPrefs.m */,
				55AEAFC90DC4C3DD00D4F622 /* GPGEngineChoiceController.h */,
				55AEAFCA0DC4C3DD00D4F622 /* GPGEngineChoiceController.m */,
				55E3433F0D9EB6DC00A33DF1 /* InfoPlist.strings */,
				55E3433B0D9EB65B00A33DF1 /* Localizable.strings */,
				F5FBE287020D7FBD01E2136E /* GPGGlobalPrefs.nib */,
				55AEAFCC0DC4C3FB00D4F622 /* GPGEngineChoiceController.xib */,
			);
			name = GPGGlobalPrefs;
			sourceTree = "<group>";
		};
		55E3432B0D9EB34100A33DF1 /* GPGKeyServerPrefs */ = {
			isa = PBXGroup;
			children = (
				55E344600D9FBB5900A33DF1 /* GPGKeyServerPrefs-Info.plist */,
				F52A0A32021334A8016C2AB4 /* GPGKeyServerPrefs.h */,
				F52A0A33021334A8016C2AB4 /* GPGKeyServerPrefs.m */,
				55E344630D9FBB7000A33DF1 /* InfoPlist.strings */,
				F52CD02602146B320157668B /* KeyServers.plist */,
				F52A0A2F02132D50016C2AB4 /* GPGKeyServerPrefs.nib */,
			);
			name = GPGKeyServerPrefs;
			sourceTree = "<group>";
		};
		55E343510D9EBAFB00A33DF1 /* GPGExpertPrefs */ = {
			isa = PBXGroup;
			children = (
				55E3438E0D9F8D9B00A33DF1 /* GPGExpertPrefs-Info.plist */,
				F5FBE29B020DD61201E2136E /* GPGExpertPrefs.h */,
				F5FBE29C020DD61201E2136E /* GPGExpertPrefs.m */,
				55E343870D9F8D4800A33DF1 /* InfoPlist.strings */,
				F5FBE294020DCDF201E2136E /* GPGExpertPrefs.nib */,
			);
			name = GPGExpertPrefs;
			sourceTree = "<group>";
		};
		55E343540D9EBB1700A33DF1 /* GPGCompatibilityPrefs */ = {
			isa = PBXGroup;
			children = (
				55E3446A0D9FBB9600A33DF1 /* GPGCompatibilityPrefs-Info.plist */,
				F52A0A2B021320FE016C2AB4 /* GPGCompatibilityPrefs.h */,
				F52A0A2C021320FE016C2AB4 /* GPGCompatibilityPrefs.m */,
				55E3446E0D9FBBAD00A33DF1 /* InfoPlist.strings */,
				F52A0A28021318E5016C2AB4 /* GPGCompatibilityPrefs.nib */,
			);
			name = GPGCompatibilityPrefs;
			sourceTree = "<group>";
		};
		55E343570D9EBB2B00A33DF1 /* GPGSignaturePrefs */ = {
			isa = PBXGroup;
			children = (
				55E344750D9FBBDD00A33DF1 /* GPGSignaturePrefs-Info.plist */,
				F56A3E0F0236B48C01A80013 /* GPGSignaturePrefs.h */,
				F56A3E100236B48C01A80013 /* GPGSignaturePrefs.m */,
				55E344780D9FBBF700A33DF1 /* InfoPlist.strings */,
				55E3447A0D9FBBF700A33DF1 /* Localizable.strings */,
				F56A3E130236B5A001A80013 /* GPGSignaturePrefs.nib */,
			);
			name = GPGSignaturePrefs;
			sourceTree = "<group>";
		};
		55E3435A0D9EBB4300A33DF1 /* GPGExtensionsPrefs */ = {
			isa = PBXGroup;
			children = (
				55E344850D9FBC3200A33DF1 /* GPGExtensionsPrefs-Info.plist */,
				F5A027DE023A6CB401A80013 /* GPGExtensionsPrefs.h */,
				F5A027DF023A6CB401A80013 /* GPGExtensionsPrefs.m */,
				55E344880D9FBC4E00A33DF1 /* InfoPlist.strings */,
				55E3448A0D9FBC4F00A33DF1 /* Localizable.strings */,
				F5A027DB023A616901A80013 /* GPGExtensionsPrefs.nib */,
			);
			name = GPGExtensionsPrefs;
			sourceTree = "<group>";
		};
		55E3435D0D9EBB9000A33DF1 /* GPGAgentPrefs */ = {
			isa = PBXGroup;
			children = (
				55E3444C0D9FB99E00A33DF1 /* GPGAgentPrefs-Info.plist */,
				55BDD3540D959F430083C540 /* GPGAgentPrefs.h */,
				55BDD3550D959F430083C540 /* GPGAgentPrefs.m */,
				55E3444F0D9FB9BD00A33DF1 /* InfoPlist.strings */,
				55E344510D9FB9BD00A33DF1 /* Localizable.strings */,
				55E343380D9EB5E200A33DF1 /* GPGAgentPrefs.nib */,
			);
			name = GPGAgentPrefs;
			sourceTree = "<group>";
		};
		F5FBE27C020D720801E2136E /* Documentation */ = {
			isa = PBXGroup;
			children = (
				F5FBE27D020D723C01E2136E /* gpgSettings.txt */,
			);
			name = Documentation;
			sourceTree = "<group>";
		};
/* End PBXGroup section */

/* Begin PBXNativeTarget section */
		4B17162909C4881D0019BA72 /* GPGPreferences */ = {
			isa = PBXNativeTarget;
			buildConfigurationList = 4B17165909C4881D0019BA72 /* Build configuration list for PBXNativeTarget "GPGPreferences" */;
			buildPhases = (
				4B17163709C4881D0019BA72 /* Resources */,
				4B17164709C4881D0019BA72 /* Sources */,
				4B17165209C4881D0019BA72 /* Frameworks */,
				4B17165709C4881D0019BA72 /* Rez */,
				55BDD3070D959E0D0083C540 /* Copy Frameworks */,
				55BDD3010D959E060083C540 /* Relocate Frameworks */,
				4B17165809C4881D0019BA72 /* ShellScript */,
			);
			buildRules = (
			);
			dependencies = (
				22B4541812E4913C007B26F4 /* PBXTargetDependency */,
				555726610D9E59EC0012ABA9 /* PBXTargetDependency */,
				55E343A10D9F8F0E00A33DF1 /* PBXTargetDependency */,
				55E344940D9FBC7500A33DF1 /* PBXTargetDependency */,
				55E344960D9FBC7500A33DF1 /* PBXTargetDependency */,
				55E344980D9FBC7500A33DF1 /* PBXTargetDependency */,
				55E3449A0D9FBC7500A33DF1 /* PBXTargetDependency */,
				55E3449C0D9FBC7500A33DF1 /* PBXTargetDependency */,
			);
			name = GPGPreferences;
			productInstallPath = "$(HOME)/Library/PreferencePanes";
			productName = GPGPreferences;
			productReference = 4B17165E09C4881E0019BA72 /* GnuPG.prefPane */;
			productType = "com.apple.product-type.bundle";
		};
		555726590D9E59D10012ABA9 /* GPGGlobalPrefs */ = {
			isa = PBXNativeTarget;
			buildConfigurationList = 5557265F0D9E59D50012ABA9 /* Build configuration list for PBXNativeTarget "GPGGlobalPrefs" */;
			buildPhases = (
				555726560D9E59D10012ABA9 /* Resources */,
				555726570D9E59D10012ABA9 /* Sources */,
				555726580D9E59D10012ABA9 /* Frameworks */,
			);
			buildRules = (
			);
			dependencies = (
			);
			name = GPGGlobalPrefs;
			productName = GPGGlobalPreferences;
			productReference = 5557265A0D9E59D10012ABA9 /* GPGGlobalPrefs.prefPane */;
			productType = "com.apple.product-type.bundle";
		};
		55E3437D0D9F8BAB00A33DF1 /* GPGExpertPrefs */ = {
			isa = PBXNativeTarget;
			buildConfigurationList = 55E343840D9F8BB200A33DF1 /* Build configuration list for PBXNativeTarget "GPGExpertPrefs" */;
			buildPhases = (
				55E3437A0D9F8BAB00A33DF1 /* Resources */,
				55E3437B0D9F8BAB00A33DF1 /* Sources */,
				55E3437C0D9F8BAB00A33DF1 /* Frameworks */,
			);
			buildRules = (
			);
			dependencies = (
			);
			name = GPGExpertPrefs;
			productName = GPGExpertPrefs;
			productReference = 55E3437E0D9F8BAB00A33DF1 /* GPGExpertPrefs.prefPane */;
			productType = "com.apple.product-type.bundle";
		};
		55E343DA0D9FB74800A33DF1 /* GPGAgentPrefs */ = {
			isa = PBXNativeTarget;
			buildConfigurationList = 55E343E30D9FB74D00A33DF1 /* Build configuration list for PBXNativeTarget "GPGAgentPrefs" */;
			buildPhases = (
				55E343D70D9FB74800A33DF1 /* Resources */,
				55E343D80D9FB74800A33DF1 /* Sources */,
				55E343D90D9FB74800A33DF1 /* Frameworks */,
			);
			buildRules = (
			);
			dependencies = (
			);
			name = GPGAgentPrefs;
			productName = GPGAgentPrefs;
			productReference = 55E343DB0D9FB74800A33DF1 /* GPGAgentPrefs.prefPane */;
			productType = "com.apple.product-type.bundle";
		};
		55E343E90D9FB77200A33DF1 /* GPGKeyServerPrefs */ = {
			isa = PBXNativeTarget;
			buildConfigurationList = 55E344130D9FB77A00A33DF1 /* Build configuration list for PBXNativeTarget "GPGKeyServerPrefs" */;
			buildPhases = (
				55E343E60D9FB77200A33DF1 /* Resources */,
				55E343E70D9FB77200A33DF1 /* Sources */,
				55E343E80D9FB77200A33DF1 /* Frameworks */,
			);
			buildRules = (
			);
			dependencies = (
			);
			name = GPGKeyServerPrefs;
			productName = GPGKeyServerPrefs;
			productReference = 55E343EA0D9FB77200A33DF1 /* GPGKeyServerPrefs.prefPane */;
			productType = "com.apple.product-type.bundle";
		};
		55E344190D9FB79C00A33DF1 /* GPGExtensionsPrefs */ = {
			isa = PBXNativeTarget;
			buildConfigurationList = 55E344220D9FB7A000A33DF1 /* Build configuration list for PBXNativeTarget "GPGExtensionsPrefs" */;
			buildPhases = (
				55E344160D9FB79C00A33DF1 /* Resources */,
				55E344170D9FB79C00A33DF1 /* Sources */,
				55E344180D9FB79C00A33DF1 /* Frameworks */,
			);
			buildRules = (
			);
			dependencies = (
			);
			name = GPGExtensionsPrefs;
			productName = GPGExtensionsPref;
			productReference = 55E3441A0D9FB79C00A33DF1 /* GPGExtensionsPrefs.prefPane */;
			productType = "com.apple.product-type.bundle";
		};
		55E344280D9FB7D600A33DF1 /* GPGCompatibilityPrefs */ = {
			isa = PBXNativeTarget;
			buildConfigurationList = 55E344310D9FB7DB00A33DF1 /* Build configuration list for PBXNativeTarget "GPGCompatibilityPrefs" */;
			buildPhases = (
				55E344250D9FB7D600A33DF1 /* Resources */,
				55E344260D9FB7D600A33DF1 /* Sources */,
				55E344270D9FB7D600A33DF1 /* Frameworks */,
			);
			buildRules = (
			);
			dependencies = (
			);
			name = GPGCompatibilityPrefs;
			productName = GPGCompatibilityPrefs;
			productReference = 55E344290D9FB7D600A33DF1 /* GPGCompatibilityPrefs.prefPane */;
			productType = "com.apple.product-type.bundle";
		};
		55E344370D9FB80100A33DF1 /* GPGSignaturePrefs */ = {
			isa = PBXNativeTarget;
			buildConfigurationList = 55E344400D9FB80400A33DF1 /* Build configuration list for PBXNativeTarget "GPGSignaturePrefs" */;
			buildPhases = (
				55E344340D9FB80100A33DF1 /* Resources */,
				55E344350D9FB80100A33DF1 /* Sources */,
				55E344360D9FB80100A33DF1 /* Frameworks */,
			);
			buildRules = (
			);
			dependencies = (
			);
			name = GPGSignaturePrefs;
			productName = GPGSignaturePrefs;
			productReference = 55E344380D9FB80100A33DF1 /* GPGSignaturePrefs.prefPane */;
			productType = "com.apple.product-type.bundle";
		};
/* End PBXNativeTarget section */

/* Begin PBXProject section */
		089C1669FE841209C02AAC07 /* Project object */ = {
			isa = PBXProject;
			buildConfigurationList = 4B17158809C484490019BA72 /* Build configuration list for PBXProject "GPGPreferences" */;
			compatibilityVersion = "Xcode 2.4";
			hasScannedForEncodings = 1;
			knownRegions = (
				English,
				Japanese,
				French,
				German,
				Spanish,
				Swedish,
				Danish,
				Italian,
			);
			mainGroup = 089C166AFE841209C02AAC07 /* GPGPreferences */;
			projectDirPath = "";
			projectReferences = (
				{
					ProductGroup = 22B453B712E49106007B26F4 /* Products */;
					ProjectRef = 22B453B612E49106007B26F4 /* MacGPGME.xcodeproj */;
				},
			);
			projectRoot = "";
			targets = (
				4B17162909C4881D0019BA72 /* GPGPreferences */,
				555726590D9E59D10012ABA9 /* GPGGlobalPrefs */,
				55E343E90D9FB77200A33DF1 /* GPGKeyServerPrefs */,
				55E344280D9FB7D600A33DF1 /* GPGCompatibilityPrefs */,
				55E344370D9FB80100A33DF1 /* GPGSignaturePrefs */,
				55E343DA0D9FB74800A33DF1 /* GPGAgentPrefs */,
				55E344190D9FB79C00A33DF1 /* GPGExtensionsPrefs */,
				55E3437D0D9F8BAB00A33DF1 /* GPGExpertPrefs */,
			);
		};
/* End PBXProject section */

/* Begin PBXReferenceProxy section */
		22B453C212E49106007B26F4 /* MacGPGME.framework */ = {
			isa = PBXReferenceProxy;
			fileType = wrapper.framework;
			path = MacGPGME.framework;
			remoteRef = 22B453C112E49106007B26F4 /* PBXContainerItemProxy */;
			sourceTree = BUILT_PRODUCTS_DIR;
		};
		22B453C412E49106007B26F4 /* GPGTester.app */ = {
			isa = PBXReferenceProxy;
			fileType = wrapper.application;
			path = GPGTester.app;
			remoteRef = 22B453C312E49106007B26F4 /* PBXContainerItemProxy */;
			sourceTree = BUILT_PRODUCTS_DIR;
		};
		22B453C612E49106007B26F4 /* MacGPGMETesting.octest */ = {
			isa = PBXReferenceProxy;
			fileType = wrapper.cfbundle;
			path = MacGPGMETesting.octest;
			remoteRef = 22B453C512E49106007B26F4 /* PBXContainerItemProxy */;
			sourceTree = BUILT_PRODUCTS_DIR;
		};
/* End PBXReferenceProxy section */

/* Begin PBXResourcesBuildPhase section */
		4B17163709C4881D0019BA72 /* Resources */ = {
			isa = PBXResourcesBuildPhase;
			buildActionMask = 2147483647;
			files = (
				55E342200D9E719800A33DF1 /* GPGGlobalPrefs.prefPane in Resources */,
				55E343A50D9F8F2500A33DF1 /* GPGExpertPrefs.prefPane in Resources */,
				55E344AA0D9FBC8B00A33DF1 /* GPGAgentPrefs.prefPane in Resources */,
				55E344AB0D9FBC8B00A33DF1 /* GPGKeyServerPrefs.prefPane in Resources */,
				55E344AC0D9FBC8B00A33DF1 /* GPGExtensionsPrefs.prefPane in Resources */,
				55E344AD0D9FBC8B00A33DF1 /* GPGCompatibilityPrefs.prefPane in Resources */,
				55E344AE0D9FBC8B00A33DF1 /* GPGSignaturePrefs.prefPane in Resources */,
				4B17163809C4881D0019BA72 /* InfoPlist.strings in Resources */,
				4B17163909C4881D0019BA72 /* GPGPreferences.nib in Resources */,
				4B17163F09C4881D0019BA72 /* Localizable.strings in Resources */,
				4B17164609C4881D0019BA72 /* MacGPG.icns in Resources */,
				55E826BD0E0561B800EDAE88 /* GPGPreferences.searchTerms in Resources */,
			);
			runOnlyForDeploymentPostprocessing = 0;
		};
		555726560D9E59D10012ABA9 /* Resources */ = {
			isa = PBXResourcesBuildPhase;
			buildActionMask = 2147483647;
			files = (
				555726690D9E5D680012ABA9 /* GPGGlobalPrefs.nib in Resources */,
				5557266A0D9E5D8A0012ABA9 /* SmallAlert5.tiff in Resources */,
				5557266B0D9E5D8D0012ABA9 /* MacGPG.icns in Resources */,
				55E3433C0D9EB65B00A33DF1 /* Localizable.strings in Resources */,
				55E343400D9EB6DC00A33DF1 /* InfoPlist.strings in Resources */,
				55AEAFCE0DC4C3FB00D4F622 /* GPGEngineChoiceController.xib in Resources */,
			);
			runOnlyForDeploymentPostprocessing = 0;
		};
		55E3437A0D9F8BAB00A33DF1 /* Resources */ = {
			isa = PBXResourcesBuildPhase;
			buildActionMask = 2147483647;
			files = (
				55E3438C0D9F8D4800A33DF1 /* InfoPlist.strings in Resources */,
				55E343900D9F8DFA00A33DF1 /* GPGExpertPrefs.nib in Resources */,
				55E343BE0D9F935600A33DF1 /* PlusIcon.tiff in Resources */,
				55E343BF0D9F935700A33DF1 /* MinusIcon.tiff in Resources */,
			);
			runOnlyForDeploymentPostprocessing = 0;
		};
		55E343D70D9FB74800A33DF1 /* Resources */ = {
			isa = PBXResourcesBuildPhase;
			buildActionMask = 2147483647;
			files = (
				55E344410D9FB92C00A33DF1 /* GPGAgentPrefs.nib in Resources */,
				55E344540D9FB9BD00A33DF1 /* InfoPlist.strings in Resources */,
				55E344550D9FB9BD00A33DF1 /* Localizable.strings in Resources */,
			);
			runOnlyForDeploymentPostprocessing = 0;
		};
		55E343E60D9FB77200A33DF1 /* Resources */ = {
			isa = PBXResourcesBuildPhase;
			buildActionMask = 2147483647;
			files = (
				55E344560D9FBA2200A33DF1 /* GPGKeyServerPrefs.nib in Resources */,
				55E344570D9FBA2400A33DF1 /* KeyServers.plist in Resources */,
				55E344680D9FBB7000A33DF1 /* InfoPlist.strings in Resources */,
				55C017060DA7CB2F00EA8CD5 /* MinusIcon.tiff in Resources */,
				55C017070DA7CB3200EA8CD5 /* SmallAlert5.tiff in Resources */,
			);
			runOnlyForDeploymentPostprocessing = 0;
		};
		55E344160D9FB79C00A33DF1 /* Resources */ = {
			isa = PBXResourcesBuildPhase;
			buildActionMask = 2147483647;
			files = (
				55E344830D9FBC1A00A33DF1 /* GPGExtensionsPrefs.nib in Resources */,
				55E3448D0D9FBC4F00A33DF1 /* InfoPlist.strings in Resources */,
				55E3448E0D9FBC4F00A33DF1 /* Localizable.strings in Resources */,
				55C0171F0DA7CB5600EA8CD5 /* PlusIcon.tiff in Resources */,
				55C017200DA7CB5700EA8CD5 /* MinusIcon.tiff in Resources */,
			);
			runOnlyForDeploymentPostprocessing = 0;
		};
		55E344250D9FB7D600A33DF1 /* Resources */ = {
			isa = PBXResourcesBuildPhase;
			buildActionMask = 2147483647;
			files = (
				55E344730D9FBBAD00A33DF1 /* InfoPlist.strings in Resources */,
				55E344810D9FBC0D00A33DF1 /* GPGCompatibilityPrefs.nib in Resources */,
				55C017220DA7CB7000EA8CD5 /* SmallAlert5.tiff in Resources */,
			);
			runOnlyForDeploymentPostprocessing = 0;
		};
		55E344340D9FB80100A33DF1 /* Resources */ = {
			isa = PBXResourcesBuildPhase;
			buildActionMask = 2147483647;
			files = (
				55E3447D0D9FBBF700A33DF1 /* InfoPlist.strings in Resources */,
				55E3447E0D9FBBF700A33DF1 /* Localizable.strings in Resources */,
				55E3447F0D9FBBFF00A33DF1 /* GPGSignaturePrefs.nib in Resources */,
			);
			runOnlyForDeploymentPostprocessing = 0;
		};
/* End PBXResourcesBuildPhase section */

/* Begin PBXRezBuildPhase section */
		4B17165709C4881D0019BA72 /* Rez */ = {
			isa = PBXRezBuildPhase;
			buildActionMask = 2147483647;
			files = (
			);
			runOnlyForDeploymentPostprocessing = 0;
		};
/* End PBXRezBuildPhase section */

/* Begin PBXShellScriptBuildPhase section */
		4B17165809C4881D0019BA72 /* ShellScript */ = {
			isa = PBXShellScriptBuildPhase;
			buildActionMask = 12;
			files = (
			);
			runOnlyForDeploymentPostprocessing = 0;
			shellPath = /bin/sh;
			shellScript = "# Let's remove the current bundle\nrm -rf \"${USER_LIBRARY_DIR}/PreferencePanes/${PRODUCT_NAME}.${WRAPPER_EXTENSION}\"\nmkdir -p \"${USER_LIBRARY_DIR}/PreferencePanes\"\n\n# make a link from the build to the installation folder\nln -s \"${TARGET_BUILD_DIR}/${PRODUCT_NAME}.${WRAPPER_EXTENSION}\" \"${USER_LIBRARY_DIR}/PreferencePanes/\"\n\n# Let's also signal SystemPreferences that our bundle changed\nrm -rf \"${USER_LIBRARY_DIR}/Caches/com.apple.preferencepanes.cache\"\nrm -rf \"${USER_LIBRARY_DIR}/Caches/com.apple.preferencepanes.searchindexcache\"\n";
			showEnvVarsInLog = 0;
		};
		55BDD3010D959E060083C540 /* Relocate Frameworks */ = {
			isa = PBXShellScriptBuildPhase;
			buildActionMask = 2147483647;
			files = (
			);
			inputPaths = (
			);
			name = "Relocate Frameworks";
			outputPaths = (
			);
			runOnlyForDeploymentPostprocessing = 0;
			shellPath = /bin/sh;
			shellScript = "MAC_GPGME_FRAMEWORK_VERSION=1.1.4\n\nchmod u+w \"${TARGET_BUILD_DIR}/${PRODUCT_NAME}.${WRAPPER_EXTENSION}/Contents/Frameworks/MacGPGME.framework/Versions/${MAC_GPGME_FRAMEWORK_VERSION}/MacGPGME\"\ninstall_name_tool -id \"@loader_path/../Frameworks/MacGPGME.framework/Versions/${MAC_GPGME_FRAMEWORK_VERSION}/MacGPGME\" \"${TARGET_BUILD_DIR}/${PRODUCT_NAME}.${WRAPPER_EXTENSION}/Contents/Frameworks/MacGPGME.framework/Versions/${MAC_GPGME_FRAMEWORK_VERSION}/MacGPGME\"\n\n# rewrite install_name in the main bundle\ninstall_name_tool -change \"@executable_path/../Frameworks/MacGPGME.framework/Versions/${MAC_GPGME_FRAMEWORK_VERSION}/MacGPGME\" \"@loader_path/../Frameworks/MacGPGME.framework/Versions/${MAC_GPGME_FRAMEWORK_VERSION}/MacGPGME\" \"${TARGET_BUILD_DIR}/${PRODUCT_NAME}.${WRAPPER_EXTENSION}/Contents/MacOS/${PRODUCT_NAME}\"\n\n# rewrite install_name in the sub bundles\ncd \"${TARGET_BUILD_DIR}/${PRODUCT_NAME}.${WRAPPER_EXTENSION}/Contents/Resources/\"\nbundles=`ls -d *.prefPane`\nfor bundle in $bundles\ndo {\n    bundle=`basename \"$bundle\" .prefPane`\n    install_name_tool -change \"@executable_path/../Frameworks/MacGPGME.framework/Versions/${MAC_GPGME_FRAMEWORK_VERSION}/MacGPGME\" \"@loader_path/../../../../Frameworks/MacGPGME.framework/Versions/${MAC_GPGME_FRAMEWORK_VERSION}/MacGPGME\" \"${TARGET_BUILD_DIR}/${PRODUCT_NAME}.${WRAPPER_EXTENSION}/Contents/Resources/${bundle}.prefPane/Contents/MacOS/${bundle}\"\n} done\n\n# remove headers and documentation\nrm -rf \"${TARGET_BUILD_DIR}/${PRODUCT_NAME}.${WRAPPER_EXTENSION}/Contents/Frameworks/MacGPGME.framework/Versions/${MAC_GPGME_FRAMEWORK_VERSION}/Headers\"\nrm -rf \"${TARGET_BUILD_DIR}/${PRODUCT_NAME}.${WRAPPER_EXTENSION}/Contents/Frameworks/MacGPGME.framework/Versions/${MAC_GPGME_FRAMEWORK_VERSION}/PrivateHeaders\"\nrm -rf \"${TARGET_BUILD_DIR}/${PRODUCT_NAME}.${WRAPPER_EXTENSION}/Contents/Frameworks/MacGPGME.framework/Versions/${MAC_GPGME_FRAMEWORK_VERSION}/Resources/English.lproj/Documentation\"\n";
		};
/* End PBXShellScriptBuildPhase section */

/* Begin PBXSourcesBuildPhase section */
		4B17164709C4881D0019BA72 /* Sources */ = {
			isa = PBXSourcesBuildPhase;
			buildActionMask = 2147483647;
			files = (
				4B17164809C4881D0019BA72 /* GPGPreferences.m in Sources */,
			);
			runOnlyForDeploymentPostprocessing = 0;
		};
		555726570D9E59D10012ABA9 /* Sources */ = {
			isa = PBXSourcesBuildPhase;
			buildActionMask = 2147483647;
			files = (
				555726680D9E5D480012ABA9 /* GPGGlobalPrefs.m in Sources */,
				55AEAFCB0DC4C3DD00D4F622 /* GPGEngineChoiceController.m in Sources */,
			);
			runOnlyForDeploymentPostprocessing = 0;
		};
		55E3437B0D9F8BAB00A33DF1 /* Sources */ = {
			isa = PBXSourcesBuildPhase;
			buildActionMask = 2147483647;
			files = (
				55E3438F0D9F8DF700A33DF1 /* GPGExpertPrefs.m in Sources */,
			);
			runOnlyForDeploymentPostprocessing = 0;
		};
		55E343D80D9FB74800A33DF1 /* Sources */ = {
			isa = PBXSourcesBuildPhase;
			buildActionMask = 2147483647;
			files = (
				55C015F10D9FC75B00EA8CD5 /* GPGAgentPrefs.m in Sources */,
			);
			runOnlyForDeploymentPostprocessing = 0;
		};
		55E343E70D9FB77200A33DF1 /* Sources */ = {
			isa = PBXSourcesBuildPhase;
			buildActionMask = 2147483647;
			files = (
				55E344580D9FBA2600A33DF1 /* GPGKeyServerPrefs.m in Sources */,
			);
			runOnlyForDeploymentPostprocessing = 0;
		};
		55E344170D9FB79C00A33DF1 /* Sources */ = {
			isa = PBXSourcesBuildPhase;
			buildActionMask = 2147483647;
			files = (
				55E344840D9FBC1B00A33DF1 /* GPGExtensionsPrefs.m in Sources */,
			);
			runOnlyForDeploymentPostprocessing = 0;
		};
		55E344260D9FB7D600A33DF1 /* Sources */ = {
			isa = PBXSourcesBuildPhase;
			buildActionMask = 2147483647;
			files = (
				55E344820D9FBC0E00A33DF1 /* GPGCompatibilityPrefs.m in Sources */,
			);
			runOnlyForDeploymentPostprocessing = 0;
		};
		55E344350D9FB80100A33DF1 /* Sources */ = {
			isa = PBXSourcesBuildPhase;
			buildActionMask = 2147483647;
			files = (
				55E344800D9FBC0100A33DF1 /* GPGSignaturePrefs.m in Sources */,
			);
			runOnlyForDeploymentPostprocessing = 0;
		};
/* End PBXSourcesBuildPhase section */

/* Begin PBXTargetDependency section */
		22B4541812E4913C007B26F4 /* PBXTargetDependency */ = {
			isa = PBXTargetDependency;
			name = MacGPGME;
			targetProxy = 22B4541712E4913C007B26F4 /* PBXContainerItemProxy */;
		};
		555726610D9E59EC0012ABA9 /* PBXTargetDependency */ = {
			isa = PBXTargetDependency;
			target = 555726590D9E59D10012ABA9 /* GPGGlobalPrefs */;
			targetProxy = 555726600D9E59EC0012ABA9 /* PBXContainerItemProxy */;
		};
		55E343A10D9F8F0E00A33DF1 /* PBXTargetDependency */ = {
			isa = PBXTargetDependency;
			target = 55E3437D0D9F8BAB00A33DF1 /* GPGExpertPrefs */;
			targetProxy = 55E343A00D9F8F0E00A33DF1 /* PBXContainerItemProxy */;
		};
		55E344940D9FBC7500A33DF1 /* PBXTargetDependency */ = {
			isa = PBXTargetDependency;
			target = 55E343DA0D9FB74800A33DF1 /* GPGAgentPrefs */;
			targetProxy = 55E344930D9FBC7500A33DF1 /* PBXContainerItemProxy */;
		};
		55E344960D9FBC7500A33DF1 /* PBXTargetDependency */ = {
			isa = PBXTargetDependency;
			target = 55E343E90D9FB77200A33DF1 /* GPGKeyServerPrefs */;
			targetProxy = 55E344950D9FBC7500A33DF1 /* PBXContainerItemProxy */;
		};
		55E344980D9FBC7500A33DF1 /* PBXTargetDependency */ = {
			isa = PBXTargetDependency;
			target = 55E344190D9FB79C00A33DF1 /* GPGExtensionsPrefs */;
			targetProxy = 55E344970D9FBC7500A33DF1 /* PBXContainerItemProxy */;
		};
		55E3449A0D9FBC7500A33DF1 /* PBXTargetDependency */ = {
			isa = PBXTargetDependency;
			target = 55E344280D9FB7D600A33DF1 /* GPGCompatibilityPrefs */;
			targetProxy = 55E344990D9FBC7500A33DF1 /* PBXContainerItemProxy */;
		};
		55E3449C0D9FBC7500A33DF1 /* PBXTargetDependency */ = {
			isa = PBXTargetDependency;
			target = 55E344370D9FB80100A33DF1 /* GPGSignaturePrefs */;
			targetProxy = 55E3449B0D9FBC7500A33DF1 /* PBXContainerItemProxy */;
		};
/* End PBXTargetDependency section */

/* Begin PBXVariantGroup section */
		089C167DFE841241C02AAC07 /* InfoPlist.strings */ = {
			isa = PBXVariantGroup;
			children = (
				089C167EFE841241C02AAC07 /* English */,
				F5593EDF0232637C01A80016 /* French */,
				F56EE6320243C36801A80016 /* Spanish */,
				F599A066027CE17901D17707 /* German */,
				F50A02C202FE09A701000104 /* Swedish */,
				F50827260309F9D301000104 /* Danish */,
				F5280921032A958001000001 /* Italian */,
			);
			name = InfoPlist.strings;
			sourceTree = "<group>";
		};
		55AEAFCC0DC4C3FB00D4F622 /* GPGEngineChoiceController.xib */ = {
			isa = PBXVariantGroup;
			children = (
				55AEAFCD0DC4C3FB00D4F622 /* English */,
			);
			name = GPGEngineChoiceController.xib;
			sourceTree = "<group>";
		};
		55E343380D9EB5E200A33DF1 /* GPGAgentPrefs.nib */ = {
			isa = PBXVariantGroup;
			children = (
				55BDD3560D959F430083C540 /* English */,
			);
			name = GPGAgentPrefs.nib;
			sourceTree = "<group>";
		};
		55E3433B0D9EB65B00A33DF1 /* Localizable.strings */ = {
			isa = PBXVariantGroup;
			children = (
				55E343390D9EB63500A33DF1 /* English */,
				55E826440E054E0500EDAE88 /* French */,
			);
			name = Localizable.strings;
			sourceTree = "<group>";
		};
		55E3433F0D9EB6DC00A33DF1 /* InfoPlist.strings */ = {
			isa = PBXVariantGroup;
			children = (
				55E3433D0D9EB6D100A33DF1 /* English */,
				55E8264D0E054FA100EDAE88 /* French */,
			);
			name = InfoPlist.strings;
			sourceTree = "<group>";
		};
		55E343870D9F8D4800A33DF1 /* InfoPlist.strings */ = {
			isa = PBXVariantGroup;
			children = (
				55E343880D9F8D4800A33DF1 /* English */,
				55E826910E05527800EDAE88 /* French */,
			);
			name = InfoPlist.strings;
			sourceTree = "<group>";
		};
		55E3444F0D9FB9BD00A33DF1 /* InfoPlist.strings */ = {
			isa = PBXVariantGroup;
			children = (
				55E344500D9FB9BD00A33DF1 /* English */,
				55E8266F0E05520300EDAE88 /* French */,
			);
			name = InfoPlist.strings;
			sourceTree = "<group>";
		};
		55E344510D9FB9BD00A33DF1 /* Localizable.strings */ = {
			isa = PBXVariantGroup;
			children = (
				55E344520D9FB9BD00A33DF1 /* English */,
				55E826A00E05547C00EDAE88 /* French */,
			);
			name = Localizable.strings;
			sourceTree = "<group>";
		};
		55E344630D9FBB7000A33DF1 /* InfoPlist.strings */ = {
			isa = PBXVariantGroup;
			children = (
				55E344640D9FBB7000A33DF1 /* English */,
				55E8264E0E05504900EDAE88 /* French */,
			);
			name = InfoPlist.strings;
			sourceTree = "<group>";
		};
		55E3446E0D9FBBAD00A33DF1 /* InfoPlist.strings */ = {
			isa = PBXVariantGroup;
			children = (
				55E3446F0D9FBBAD00A33DF1 /* English */,
				55E8264F0E0550FC00EDAE88 /* French */,
			);
			name = InfoPlist.strings;
			sourceTree = "<group>";
		};
		55E344780D9FBBF700A33DF1 /* InfoPlist.strings */ = {
			isa = PBXVariantGroup;
			children = (
				55E344790D9FBBF700A33DF1 /* English */,
				55E8266E0E0551BA00EDAE88 /* French */,
			);
			name = InfoPlist.strings;
			sourceTree = "<group>";
		};
		55E3447A0D9FBBF700A33DF1 /* Localizable.strings */ = {
			isa = PBXVariantGroup;
			children = (
				55E3447B0D9FBBF700A33DF1 /* English */,
				55E826990E0553D700EDAE88 /* French */,
			);
			name = Localizable.strings;
			sourceTree = "<group>";
		};
		55E344880D9FBC4E00A33DF1 /* InfoPlist.strings */ = {
			isa = PBXVariantGroup;
			children = (
				55E344890D9FBC4F00A33DF1 /* English */,
				55E826700E05523100EDAE88 /* French */,
			);
			name = InfoPlist.strings;
			sourceTree = "<group>";
		};
		55E3448A0D9FBC4F00A33DF1 /* Localizable.strings */ = {
			isa = PBXVariantGroup;
			children = (
				55E3448B0D9FBC4F00A33DF1 /* English */,
				55E826A10E05556200EDAE88 /* French */,
			);
			name = Localizable.strings;
			sourceTree = "<group>";
		};
		55E826BC0E0561B800EDAE88 /* GPGPreferences.searchTerms */ = {
			isa = PBXVariantGroup;
			children = (
				55BDD3530D959F430083C540 /* English */,
				55E826BE0E0561F800EDAE88 /* French */,
			);
			name = GPGPreferences.searchTerms;
			sourceTree = "<group>";
		};
		F506C042013D9D8C01CA16C8 /* GPGPreferences.nib */ = {
			isa = PBXVariantGroup;
			children = (
				F506C043013D9D8C01CA16C8 /* English */,
				F53869240232BC2701A80016 /* French */,
				F56EE6330243C36801A80016 /* Spanish */,
				F599A068027CE17901D17707 /* German */,
				F50A02C402FE09A701000104 /* Swedish */,
				F50827280309F9D301000104 /* Danish */,
				F5280923032A979201000001 /* Italian */,
			);
			name = GPGPreferences.nib;
			sourceTree = "<group>";
		};
		F52A0A28021318E5016C2AB4 /* GPGCompatibilityPrefs.nib */ = {
			isa = PBXVariantGroup;
			children = (
				F52A0A29021318E5016C2AB4 /* English */,
			);
			name = GPGCompatibilityPrefs.nib;
			sourceTree = "<group>";
		};
		F52A0A2F02132D50016C2AB4 /* GPGKeyServerPrefs.nib */ = {
			isa = PBXVariantGroup;
			children = (
				F52A0A3002132D50016C2AB4 /* English */,
			);
			name = GPGKeyServerPrefs.nib;
			sourceTree = "<group>";
		};
		F52B34DA020F1BC50197BDCC /* Localizable.strings */ = {
			isa = PBXVariantGroup;
			children = (
				F52B34DB020F1BC50197BDCC /* English */,
				F5593EE00232637C01A80016 /* French */,
			);
			name = Localizable.strings;
			sourceTree = "<group>";
		};
		F56A3E130236B5A001A80013 /* GPGSignaturePrefs.nib */ = {
			isa = PBXVariantGroup;
			children = (
				F56A3E140236B5A001A80013 /* English */,
			);
			name = GPGSignaturePrefs.nib;
			sourceTree = "<group>";
		};
		F5A027DB023A616901A80013 /* GPGExtensionsPrefs.nib */ = {
			isa = PBXVariantGroup;
			children = (
				F5A027DC023A616901A80013 /* English */,
			);
			name = GPGExtensionsPrefs.nib;
			sourceTree = "<group>";
		};
		F5FBE287020D7FBD01E2136E /* GPGGlobalPrefs.nib */ = {
			isa = PBXVariantGroup;
			children = (
				F5FBE288020D7FBD01E2136E /* English */,
			);
			name = GPGGlobalPrefs.nib;
			sourceTree = "<group>";
		};
		F5FBE294020DCDF201E2136E /* GPGExpertPrefs.nib */ = {
			isa = PBXVariantGroup;
			children = (
				F5FBE295020DCDF201E2136E /* English */,
			);
			name = GPGExpertPrefs.nib;
			sourceTree = "<group>";
		};
/* End PBXVariantGroup section */

/* Begin XCBuildConfiguration section */
		4B17158909C484490019BA72 /* Debug */ = {
			isa = XCBuildConfiguration;
			buildSettings = {
				ARCHS = "$(ARCHS_STANDARD_32_64_BIT_PRE_XCODE_3_1)";
				ARCHS_STANDARD_32_64_BIT_PRE_XCODE_3_1 = "x86_64 i386";
				GCC_ENABLE_OBJC_GC = required;
				GCC_VERSION = "";
				MACOSX_DEPLOYMENT_TARGET = 10.5;
				SDKROOT = /Developer/SDKs/MacOSX10.5.sdk;
				VALID_ARCHS = "x86_64 i386";
			};
			name = Debug;
		};
		4B17158A09C484490019BA72 /* Release */ = {
			isa = XCBuildConfiguration;
			buildSettings = {
				ARCHS = "$(ARCHS_STANDARD_32_64_BIT_PRE_XCODE_3_1)";
				ARCHS_STANDARD_32_64_BIT_PRE_XCODE_3_1 = "x86_64 i386";
				GCC_ENABLE_OBJC_GC = required;
				GCC_VERSION = "";
				MACOSX_DEPLOYMENT_TARGET = 10.5;
				SDKROOT = /Developer/SDKs/MacOSX10.5.sdk;
				VALID_ARCHS = "x86_64 i386";
			};
			name = Release;
		};
		4B17165A09C4881D0019BA72 /* Debug */ = {
			isa = XCBuildConfiguration;
			buildSettings = {
				COPY_PHASE_STRIP = NO;
				FRAMEWORK_SEARCH_PATHS = (
					"$(inherited)",
					"$(FRAMEWORK_SEARCH_PATHS_QUOTED_FOR_TARGET_1)",
					"$(FRAMEWORK_SEARCH_PATHS_QUOTED_FOR_TARGET_2)",
				);
				FRAMEWORK_SEARCH_PATHS_QUOTED_FOR_TARGET_1 = "\"$(SRCROOT)/Dependencies/MacGPGME/build/Release\"";
				FRAMEWORK_SEARCH_PATHS_QUOTED_FOR_TARGET_2 = "\"$(SRCROOT)/Dependencies/MacGPGME/build/Debug\"";
				GCC_DYNAMIC_NO_PIC = NO;
				GCC_ENABLE_FIX_AND_CONTINUE = YES;
				GCC_OPTIMIZATION_LEVEL = 0;
				INFOPLIST_FILE = GPGPreferences.plist;
				INSTALL_PATH = "$(LOCAL_LIBRARY_DIR)/PreferencePanes";
				PREBINDING = NO;
				PRODUCT_NAME = GnuPG;
				WARNING_CFLAGS = "-Wmost";
				WRAPPER_EXTENSION = prefPane;
				ZERO_LINK = NO;
			};
			name = Debug;
		};
		4B17165B09C4881D0019BA72 /* Release */ = {
			isa = XCBuildConfiguration;
			buildSettings = {
				COPY_PHASE_STRIP = YES;
				DEBUG_INFORMATION_FORMAT = "dwarf-with-dsym";
				FRAMEWORK_SEARCH_PATHS = (
					"$(inherited)",
					"$(FRAMEWORK_SEARCH_PATHS_QUOTED_FOR_TARGET_1)",
					"$(FRAMEWORK_SEARCH_PATHS_QUOTED_FOR_TARGET_2)",
				);
				FRAMEWORK_SEARCH_PATHS_QUOTED_FOR_TARGET_1 = "\"$(SRCROOT)/Dependencies/MacGPGME/build/Release\"";
				FRAMEWORK_SEARCH_PATHS_QUOTED_FOR_TARGET_2 = "\"$(SRCROOT)/Dependencies/MacGPGME/build/Debug\"";
				INFOPLIST_FILE = GPGPreferences.plist;
				INSTALL_PATH = "$(LOCAL_LIBRARY_DIR)/PreferencePanes";
				PREBINDING = NO;
				PRODUCT_NAME = GnuPG;
				WARNING_CFLAGS = "-Wmost";
				WRAPPER_EXTENSION = prefPane;
			};
			name = Release;
		};
		5557265D0D9E59D40012ABA9 /* Debug */ = {
			isa = XCBuildConfiguration;
			buildSettings = {
				COPY_PHASE_STRIP = NO;
				FRAMEWORK_SEARCH_PATHS = (
					"$(inherited)",
					"$(FRAMEWORK_SEARCH_PATHS_QUOTED_FOR_TARGET_1)",
				);
				FRAMEWORK_SEARCH_PATHS_QUOTED_FOR_TARGET_1 = "\"$(SRCROOT)/Dependencies/MacGPGME/build/Debug\"";
				GCC_DYNAMIC_NO_PIC = NO;
				GCC_ENABLE_FIX_AND_CONTINUE = YES;
				GCC_OPTIMIZATION_LEVEL = 0;
				GCC_PRECOMPILE_PREFIX_HEADER = YES;
				GCC_PREFIX_HEADER = GPGPreferences.pch;
				INFOPLIST_FILE = "GPGGlobalPrefs/GPGGlobalPrefs-Info.plist";
				INSTALL_PATH = "$(HOME)/Library/Bundles";
				PREBINDING = NO;
				PRODUCT_NAME = GPGGlobalPrefs;
				WRAPPER_EXTENSION = prefPane;
				ZERO_LINK = YES;
			};
			name = Debug;
		};
		5557265E0D9E59D40012ABA9 /* Release */ = {
			isa = XCBuildConfiguration;
			buildSettings = {
				COPY_PHASE_STRIP = YES;
				DEBUG_INFORMATION_FORMAT = "dwarf-with-dsym";
				FRAMEWORK_SEARCH_PATHS = (
					"$(inherited)",
					"$(FRAMEWORK_SEARCH_PATHS_QUOTED_FOR_TARGET_1)",
				);
				FRAMEWORK_SEARCH_PATHS_QUOTED_FOR_TARGET_1 = "\"$(SRCROOT)/Dependencies/MacGPGME/build/Debug\"";
				GCC_ENABLE_FIX_AND_CONTINUE = NO;
				GCC_PRECOMPILE_PREFIX_HEADER = YES;
				GCC_PREFIX_HEADER = GPGPreferences.pch;
				INFOPLIST_FILE = "GPGGlobalPrefs/GPGGlobalPrefs-Info.plist";
				INSTALL_PATH = "$(HOME)/Library/Bundles";
				PREBINDING = NO;
				PRODUCT_NAME = GPGGlobalPrefs;
				WRAPPER_EXTENSION = prefPane;
				ZERO_LINK = NO;
			};
			name = Release;
		};
		55E343820D9F8BB000A33DF1 /* Debug */ = {
			isa = XCBuildConfiguration;
			buildSettings = {
				COPY_PHASE_STRIP = NO;
				FRAMEWORK_SEARCH_PATHS = (
					"$(inherited)",
					"$(FRAMEWORK_SEARCH_PATHS_QUOTED_FOR_TARGET_1)",
				);
				FRAMEWORK_SEARCH_PATHS_QUOTED_FOR_TARGET_1 = "\"$(SRCROOT)/Dependencies/MacGPGME/build/Debug\"";
				GCC_DYNAMIC_NO_PIC = NO;
				GCC_ENABLE_FIX_AND_CONTINUE = YES;
				GCC_OPTIMIZATION_LEVEL = 0;
				GCC_PRECOMPILE_PREFIX_HEADER = YES;
				GCC_PREFIX_HEADER = GPGPreferences.pch;
				INFOPLIST_FILE = "GPGExpertPrefs/GPGExpertPrefs-Info.plist";
				INSTALL_PATH = "$(HOME)/Library/Bundles";
				PREBINDING = NO;
				PRODUCT_NAME = GPGExpertPrefs;
				WRAPPER_EXTENSION = prefPane;
				ZERO_LINK = YES;
			};
			name = Debug;
		};
		55E343830D9F8BB000A33DF1 /* Release */ = {
			isa = XCBuildConfiguration;
			buildSettings = {
				COPY_PHASE_STRIP = YES;
				DEBUG_INFORMATION_FORMAT = "dwarf-with-dsym";
				FRAMEWORK_SEARCH_PATHS = (
					"$(inherited)",
					"$(FRAMEWORK_SEARCH_PATHS_QUOTED_FOR_TARGET_1)",
				);
				FRAMEWORK_SEARCH_PATHS_QUOTED_FOR_TARGET_1 = "\"$(SRCROOT)/Dependencies/MacGPGME/build/Debug\"";
				GCC_ENABLE_FIX_AND_CONTINUE = NO;
				GCC_PRECOMPILE_PREFIX_HEADER = YES;
				GCC_PREFIX_HEADER = GPGPreferences.pch;
				INFOPLIST_FILE = "GPGExpertPrefs/GPGExpertPrefs-Info.plist";
				INSTALL_PATH = "$(HOME)/Library/Bundles";
				PREBINDING = NO;
				PRODUCT_NAME = GPGExpertPrefs;
				WRAPPER_EXTENSION = prefPane;
				ZERO_LINK = NO;
			};
			name = Release;
		};
		55E343E10D9FB74C00A33DF1 /* Debug */ = {
			isa = XCBuildConfiguration;
			buildSettings = {
				COPY_PHASE_STRIP = NO;
				FRAMEWORK_SEARCH_PATHS = (
					"$(inherited)",
					"$(FRAMEWORK_SEARCH_PATHS_QUOTED_FOR_TARGET_1)",
				);
				FRAMEWORK_SEARCH_PATHS_QUOTED_FOR_TARGET_1 = "\"$(SRCROOT)/Dependencies/MacGPGME/build/Debug\"";
				GCC_DYNAMIC_NO_PIC = NO;
				GCC_ENABLE_FIX_AND_CONTINUE = YES;
				GCC_OPTIMIZATION_LEVEL = 0;
				GCC_PRECOMPILE_PREFIX_HEADER = YES;
				GCC_PREFIX_HEADER = GPGPreferences.pch;
				INFOPLIST_FILE = "GPGAgentPrefs/GPGAgentPrefs-Info.plist";
				INSTALL_PATH = "$(HOME)/Library/Bundles";
				PREBINDING = NO;
				PRODUCT_NAME = GPGAgentPrefs;
				WRAPPER_EXTENSION = prefPane;
				ZERO_LINK = YES;
			};
			name = Debug;
		};
		55E343E20D9FB74C00A33DF1 /* Release */ = {
			isa = XCBuildConfiguration;
			buildSettings = {
				COPY_PHASE_STRIP = YES;
				DEBUG_INFORMATION_FORMAT = "dwarf-with-dsym";
				FRAMEWORK_SEARCH_PATHS = (
					"$(inherited)",
					"$(FRAMEWORK_SEARCH_PATHS_QUOTED_FOR_TARGET_1)",
				);
				FRAMEWORK_SEARCH_PATHS_QUOTED_FOR_TARGET_1 = "\"$(SRCROOT)/Dependencies/MacGPGME/build/Debug\"";
				GCC_ENABLE_FIX_AND_CONTINUE = NO;
				GCC_PRECOMPILE_PREFIX_HEADER = YES;
				GCC_PREFIX_HEADER = GPGPreferences.pch;
				INFOPLIST_FILE = "GPGAgentPrefs/GPGAgentPrefs-Info.plist";
				INSTALL_PATH = "$(HOME)/Library/Bundles";
				PREBINDING = NO;
				PRODUCT_NAME = GPGAgentPrefs;
				WRAPPER_EXTENSION = prefPane;
				ZERO_LINK = NO;
			};
			name = Release;
		};
		55E344110D9FB77600A33DF1 /* Debug */ = {
			isa = XCBuildConfiguration;
			buildSettings = {
				COPY_PHASE_STRIP = NO;
				FRAMEWORK_SEARCH_PATHS = (
					"$(inherited)",
					"$(FRAMEWORK_SEARCH_PATHS_QUOTED_FOR_TARGET_1)",
				);
				FRAMEWORK_SEARCH_PATHS_QUOTED_FOR_TARGET_1 = "\"$(SRCROOT)/Dependencies/MacGPGME/build/Debug\"";
				GCC_DYNAMIC_NO_PIC = NO;
				GCC_ENABLE_FIX_AND_CONTINUE = YES;
				GCC_OPTIMIZATION_LEVEL = 0;
				GCC_PRECOMPILE_PREFIX_HEADER = YES;
				GCC_PREFIX_HEADER = GPGPreferences.pch;
				INFOPLIST_FILE = "GPGKeyServerPrefs/GPGKeyServerPrefs-Info.plist";
				INSTALL_PATH = "$(HOME)/Library/Bundles";
				PREBINDING = NO;
				PRODUCT_NAME = GPGKeyServerPrefs;
				WRAPPER_EXTENSION = prefPane;
				ZERO_LINK = YES;
			};
			name = Debug;
		};
		55E344120D9FB77600A33DF1 /* Release */ = {
			isa = XCBuildConfiguration;
			buildSettings = {
				COPY_PHASE_STRIP = YES;
				DEBUG_INFORMATION_FORMAT = "dwarf-with-dsym";
				FRAMEWORK_SEARCH_PATHS = (
					"$(inherited)",
					"$(FRAMEWORK_SEARCH_PATHS_QUOTED_FOR_TARGET_1)",
				);
				FRAMEWORK_SEARCH_PATHS_QUOTED_FOR_TARGET_1 = "\"$(SRCROOT)/Dependencies/MacGPGME/build/Debug\"";
				GCC_ENABLE_FIX_AND_CONTINUE = NO;
				GCC_PRECOMPILE_PREFIX_HEADER = YES;
				GCC_PREFIX_HEADER = GPGPreferences.pch;
				INFOPLIST_FILE = "GPGKeyServerPrefs/GPGKeyServerPrefs-Info.plist";
				INSTALL_PATH = "$(HOME)/Library/Bundles";
				PREBINDING = NO;
				PRODUCT_NAME = GPGKeyServerPrefs;
				WRAPPER_EXTENSION = prefPane;
				ZERO_LINK = NO;
			};
			name = Release;
		};
		55E344200D9FB79E00A33DF1 /* Debug */ = {
			isa = XCBuildConfiguration;
			buildSettings = {
				COPY_PHASE_STRIP = NO;
				FRAMEWORK_SEARCH_PATHS = (
					"$(inherited)",
					"$(FRAMEWORK_SEARCH_PATHS_QUOTED_FOR_TARGET_1)",
				);
				FRAMEWORK_SEARCH_PATHS_QUOTED_FOR_TARGET_1 = "\"$(SRCROOT)/Dependencies/MacGPGME/build/Debug\"";
				GCC_DYNAMIC_NO_PIC = NO;
				GCC_ENABLE_FIX_AND_CONTINUE = YES;
				GCC_OPTIMIZATION_LEVEL = 0;
				GCC_PRECOMPILE_PREFIX_HEADER = YES;
				GCC_PREFIX_HEADER = GPGPreferences.pch;
				INFOPLIST_FILE = "GPGExtensionsPrefs/GPGExtensionsPrefs-Info.plist";
				INSTALL_PATH = "$(HOME)/Library/Bundles";
				PREBINDING = NO;
				PRODUCT_NAME = GPGExtensionsPrefs;
				WRAPPER_EXTENSION = prefPane;
				ZERO_LINK = YES;
			};
			name = Debug;
		};
		55E344210D9FB79E00A33DF1 /* Release */ = {
			isa = XCBuildConfiguration;
			buildSettings = {
				COPY_PHASE_STRIP = YES;
				DEBUG_INFORMATION_FORMAT = "dwarf-with-dsym";
				FRAMEWORK_SEARCH_PATHS = (
					"$(inherited)",
					"$(FRAMEWORK_SEARCH_PATHS_QUOTED_FOR_TARGET_1)",
				);
				FRAMEWORK_SEARCH_PATHS_QUOTED_FOR_TARGET_1 = "\"$(SRCROOT)/Dependencies/MacGPGME/build/Debug\"";
				GCC_ENABLE_FIX_AND_CONTINUE = NO;
				GCC_PRECOMPILE_PREFIX_HEADER = YES;
				GCC_PREFIX_HEADER = GPGPreferences.pch;
				INFOPLIST_FILE = "GPGExtensionsPrefs/GPGExtensionsPrefs-Info.plist";
				INSTALL_PATH = "$(HOME)/Library/Bundles";
				PREBINDING = NO;
				PRODUCT_NAME = GPGExtensionsPrefs;
				WRAPPER_EXTENSION = prefPane;
				ZERO_LINK = NO;
			};
			name = Release;
		};
		55E3442F0D9FB7D900A33DF1 /* Debug */ = {
			isa = XCBuildConfiguration;
			buildSettings = {
				COPY_PHASE_STRIP = NO;
				FRAMEWORK_SEARCH_PATHS = (
					"$(inherited)",
					"$(FRAMEWORK_SEARCH_PATHS_QUOTED_FOR_TARGET_1)",
				);
				FRAMEWORK_SEARCH_PATHS_QUOTED_FOR_TARGET_1 = "\"$(SRCROOT)/Dependencies/MacGPGME/build/Debug\"";
				GCC_DYNAMIC_NO_PIC = NO;
				GCC_ENABLE_FIX_AND_CONTINUE = YES;
				GCC_OPTIMIZATION_LEVEL = 0;
				GCC_PRECOMPILE_PREFIX_HEADER = YES;
				GCC_PREFIX_HEADER = GPGPreferences.pch;
				INFOPLIST_FILE = "GPGCompatibilityPrefs/GPGCompatibilityPrefs-Info.plist";
				INSTALL_PATH = "$(HOME)/Library/Bundles";
				PREBINDING = NO;
				PRODUCT_NAME = GPGCompatibilityPrefs;
				WRAPPER_EXTENSION = prefPane;
				ZERO_LINK = YES;
			};
			name = Debug;
		};
		55E344300D9FB7D900A33DF1 /* Release */ = {
			isa = XCBuildConfiguration;
			buildSettings = {
				COPY_PHASE_STRIP = YES;
				DEBUG_INFORMATION_FORMAT = "dwarf-with-dsym";
				FRAMEWORK_SEARCH_PATHS = (
					"$(inherited)",
					"$(FRAMEWORK_SEARCH_PATHS_QUOTED_FOR_TARGET_1)",
				);
				FRAMEWORK_SEARCH_PATHS_QUOTED_FOR_TARGET_1 = "\"$(SRCROOT)/Dependencies/MacGPGME/build/Debug\"";
				GCC_ENABLE_FIX_AND_CONTINUE = NO;
				GCC_PRECOMPILE_PREFIX_HEADER = YES;
				GCC_PREFIX_HEADER = GPGPreferences.pch;
				INFOPLIST_FILE = "GPGCompatibilityPrefs/GPGCompatibilityPrefs-Info.plist";
				INSTALL_PATH = "$(HOME)/Library/Bundles";
				PREBINDING = NO;
				PRODUCT_NAME = GPGCompatibilityPrefs;
				WRAPPER_EXTENSION = prefPane;
				ZERO_LINK = NO;
			};
			name = Release;
		};
		55E3443E0D9FB80300A33DF1 /* Debug */ = {
			isa = XCBuildConfiguration;
			buildSettings = {
				COPY_PHASE_STRIP = NO;
				FRAMEWORK_SEARCH_PATHS = (
					"$(inherited)",
					"$(FRAMEWORK_SEARCH_PATHS_QUOTED_FOR_TARGET_1)",
				);
				FRAMEWORK_SEARCH_PATHS_QUOTED_FOR_TARGET_1 = "\"$(SRCROOT)/Dependencies/MacGPGME/build/Debug\"";
				GCC_DYNAMIC_NO_PIC = NO;
				GCC_ENABLE_FIX_AND_CONTINUE = YES;
				GCC_OPTIMIZATION_LEVEL = 0;
				GCC_PRECOMPILE_PREFIX_HEADER = YES;
				GCC_PREFIX_HEADER = GPGPreferences.pch;
				INFOPLIST_FILE = "GPGSignaturePrefs/GPGSignaturePrefs-Info.plist";
				INSTALL_PATH = "$(HOME)/Library/Bundles";
				PREBINDING = NO;
				PRODUCT_NAME = GPGSignaturePrefs;
				WRAPPER_EXTENSION = prefPane;
				ZERO_LINK = YES;
			};
			name = Debug;
		};
		55E3443F0D9FB80300A33DF1 /* Release */ = {
			isa = XCBuildConfiguration;
			buildSettings = {
				COPY_PHASE_STRIP = YES;
				DEBUG_INFORMATION_FORMAT = "dwarf-with-dsym";
				FRAMEWORK_SEARCH_PATHS = (
					"$(inherited)",
					"$(FRAMEWORK_SEARCH_PATHS_QUOTED_FOR_TARGET_1)",
				);
				FRAMEWORK_SEARCH_PATHS_QUOTED_FOR_TARGET_1 = "\"$(SRCROOT)/Dependencies/MacGPGME/build/Debug\"";
				GCC_ENABLE_FIX_AND_CONTINUE = NO;
				GCC_PRECOMPILE_PREFIX_HEADER = YES;
				GCC_PREFIX_HEADER = GPGPreferences.pch;
				INFOPLIST_FILE = "GPGSignaturePrefs/GPGSignaturePrefs-Info.plist";
				INSTALL_PATH = "$(HOME)/Library/Bundles";
				PREBINDING = NO;
				PRODUCT_NAME = GPGSignaturePrefs;
				WRAPPER_EXTENSION = prefPane;
				ZERO_LINK = NO;
			};
			name = Release;
		};
/* End XCBuildConfiguration section */

/* Begin XCConfigurationList section */
		4B17158809C484490019BA72 /* Build configuration list for PBXProject "GPGPreferences" */ = {
			isa = XCConfigurationList;
			buildConfigurations = (
				4B17158909C484490019BA72 /* Debug */,
				4B17158A09C484490019BA72 /* Release */,
			);
			defaultConfigurationIsVisible = 0;
			defaultConfigurationName = Release;
		};
		4B17165909C4881D0019BA72 /* Build configuration list for PBXNativeTarget "GPGPreferences" */ = {
			isa = XCConfigurationList;
			buildConfigurations = (
				4B17165A09C4881D0019BA72 /* Debug */,
				4B17165B09C4881D0019BA72 /* Release */,
			);
			defaultConfigurationIsVisible = 0;
			defaultConfigurationName = Release;
		};
		5557265F0D9E59D50012ABA9 /* Build configuration list for PBXNativeTarget "GPGGlobalPrefs" */ = {
			isa = XCConfigurationList;
			buildConfigurations = (
				5557265D0D9E59D40012ABA9 /* Debug */,
				5557265E0D9E59D40012ABA9 /* Release */,
			);
			defaultConfigurationIsVisible = 0;
			defaultConfigurationName = Release;
		};
		55E343840D9F8BB200A33DF1 /* Build configuration list for PBXNativeTarget "GPGExpertPrefs" */ = {
			isa = XCConfigurationList;
			buildConfigurations = (
				55E343820D9F8BB000A33DF1 /* Debug */,
				55E343830D9F8BB000A33DF1 /* Release */,
			);
			defaultConfigurationIsVisible = 0;
			defaultConfigurationName = Release;
		};
		55E343E30D9FB74D00A33DF1 /* Build configuration list for PBXNativeTarget "GPGAgentPrefs" */ = {
			isa = XCConfigurationList;
			buildConfigurations = (
				55E343E10D9FB74C00A33DF1 /* Debug */,
				55E343E20D9FB74C00A33DF1 /* Release */,
			);
			defaultConfigurationIsVisible = 0;
			defaultConfigurationName = Release;
		};
		55E344130D9FB77A00A33DF1 /* Build configuration list for PBXNativeTarget "GPGKeyServerPrefs" */ = {
			isa = XCConfigurationList;
			buildConfigurations = (
				55E344110D9FB77600A33DF1 /* Debug */,
				55E344120D9FB77600A33DF1 /* Release */,
			);
			defaultConfigurationIsVisible = 0;
			defaultConfigurationName = Release;
		};
		55E344220D9FB7A000A33DF1 /* Build configuration list for PBXNativeTarget "GPGExtensionsPrefs" */ = {
			isa = XCConfigurationList;
			buildConfigurations = (
				55E344200D9FB79E00A33DF1 /* Debug */,
				55E344210D9FB79E00A33DF1 /* Release */,
			);
			defaultConfigurationIsVisible = 0;
			defaultConfigurationName = Release;
		};
		55E344310D9FB7DB00A33DF1 /* Build configuration list for PBXNativeTarget "GPGCompatibilityPrefs" */ = {
			isa = XCConfigurationList;
			buildConfigurations = (
				55E3442F0D9FB7D900A33DF1 /* Debug */,
				55E344300D9FB7D900A33DF1 /* Release */,
			);
			defaultConfigurationIsVisible = 0;
			defaultConfigurationName = Release;
		};
		55E344400D9FB80400A33DF1 /* Build configuration list for PBXNativeTarget "GPGSignaturePrefs" */ = {
			isa = XCConfigurationList;
			buildConfigurations = (
				55E3443E0D9FB80300A33DF1 /* Debug */,
				55E3443F0D9FB80300A33DF1 /* Release */,
			);
			defaultConfigurationIsVisible = 0;
			defaultConfigurationName = Release;
		};
/* End XCConfigurationList section */
	};
	rootObject = 089C1669FE841209C02AAC07 /* Project object */;
}
