// !$*UTF8*$!
{
	archiveVersion = 1;
	classes = {
	};
	objectVersion = 38;
	objects = {
		06F27B2EFFEEEFEF11CA0E56 = {
			isa = PBXBundleReference;
			path = GnuPG.prefPane;
			refType = 3;
		};
		06F27B30FFEEEFEF11CA0E56 = {
			buildRules = (
			);
			buildSettings = {
				COPY_PHASE_STRIP = NO;
				OPTIMIZATION_CFLAGS = "-O0";
				OTHER_CFLAGS = "\U0001-DDEBUG";
			};
			isa = PBXBuildStyle;
			name = Development;
		};
		06F27B31FFEEEFEF11CA0E56 = {
			buildRules = (
			);
			buildSettings = {
				COPY_PHASE_STRIP = YES;
			};
			isa = PBXBuildStyle;
			name = Deployment;
		};
//060
//061
//062
//063
//064
//080
//081
//082
//083
//084
		089C1669FE841209C02AAC07 = {
			buildStyles = (
				06F27B30FFEEEFEF11CA0E56,
				06F27B31FFEEEFEF11CA0E56,
			);
			hasScannedForEncodings = 1;
			isa = PBXProject;
			knownRegions = (
				English,
				Japanese,
				French,
				German,
				Spanish,
				Swedish,
				Danish,
				Italian,
			);
			mainGroup = 089C166AFE841209C02AAC07;
			projectDirPath = "";
			targets = (
				089C1673FE841209C02AAC07,
				F59073C4022D92E301A80016,
			);
		};
		089C166AFE841209C02AAC07 = {
			children = (
				F5FBE27C020D720801E2136E,
				08FB77AFFE84173DC02AAC07,
				F5A027E0023A6CB401A80013,
				089C167CFE841241C02AAC07,
				089C1671FE841209C02AAC07,
				19C28FB8FE9D52D311CA2CBB,
				F5593EE10232658A01A80016,
			);
			isa = PBXGroup;
			name = GPGPreferences;
			refType = 4;
		};
		089C1671FE841209C02AAC07 = {
			children = (
				1058C7ACFEA557BF11CA2CBB,
				1058C7AEFEA557BF11CA2CBB,
			);
			isa = PBXGroup;
			name = "Frameworks and Libraries";
			refType = 4;
		};
		089C1672FE841209C02AAC07 = {
			isa = PBXFrameworkReference;
			name = Foundation.framework;
			path = /System/Library/Frameworks/Foundation.framework;
			refType = 0;
		};
		089C1673FE841209C02AAC07 = {
			buildPhases = (
				089C1674FE841209C02AAC07,
				089C1675FE841209C02AAC07,
				089C1676FE841209C02AAC07,
				089C1677FE841209C02AAC07,
				089C1679FE841209C02AAC07,
				F5FBE284020D787101E2136E,
			);
			buildSettings = {
				FRAMEWORK_SEARCH_PATHS = "";
				HEADER_SEARCH_PATHS = "";
				INSTALL_PATH = "$(LOCAL_LIBRARY_DIR)/PreferencePanes";
				LIBRARY_SEARCH_PATHS = "";
				OTHER_CFLAGS = "";
				OTHER_LDFLAGS = "-bundle -twolevel_namespace";
				OTHER_REZFLAGS = "";
				PRODUCT_NAME = GnuPG;
				SECTORDER_FLAGS = "";
				WARNING_CFLAGS = "-Wmost -Wno-four-char-constants -Wno-unknown-pragmas";
				WRAPPER_EXTENSION = prefPane;
			};
			dependencies = (
				F59073C3022D92E301A80016,
			);
			isa = PBXBundleTarget;
			name = GPGPreferences;
			productInstallPath = "$(HOME)/Library/PreferencePanes";
			productName = GPGPreferences;
			productReference = 06F27B2EFFEEEFEF11CA0E56;
			productSettingsXML = "<?xml version=\"1.0\" encoding=\"UTF-8\"?>
<!DOCTYPE plist PUBLIC \"-//Apple Computer//DTD PLIST 1.0//EN\" \"http://www.apple.com/DTDs/PropertyList-1.0.dtd\">
<plist version=\"1.0\">
<dict>
	<key>CFBundleDevelopmentRegion</key>
	<string>English</string>
	<key>CFBundleGetInfoString</key>
	<string>GnuPG Preferences (v8), Copyright MacGPG Group 2002-2003</string>
	<key>CFBundleIconFile</key>
	<string></string>
	<key>CFBundleIdentifier</key>
	<string>net.sourceforge.macgpg.gpgpreferences</string>
	<key>CFBundleInfoDictionaryVersion</key>
	<string>6.0</string>
	<key>CFBundleName</key>
	<string>GnuPG Preferences</string>
	<key>CFBundlePackageType</key>
	<string>BNDL</string>
	<key>CFBundleShortVersionString</key>
	<string>(v8)</string>
	<key>CFBundleSignature</key>
	<string>????</string>
	<key>CFBundleVersion</key>
	<string>(v8)</string>
	<key>NSMainNibFile</key>
	<string>GPGPreferences</string>
	<key>NSPrefPaneIconFile</key>
	<string>MacGPG.icns</string>
	<key>NSPrefPaneIconLabel</key>
	<string>GnuPG</string>
	<key>NSPrincipalClass</key>
	<string>GPGPreferences</string>
</dict>
</plist>
";
		};
		089C1674FE841209C02AAC07 = {
			buildActionMask = 2147483647;
			files = (
				F506C03E013D9D7901CA16C8,
				F5FBE28C020D82DC01E2136E,
				F5FBE290020D833601E2136E,
				F5FBE29D020DD61201E2136E,
				F5FBE2A1020DDC7401E2136E,
				F52A0A2D021320FE016C2AB4,
				F52A0A34021334A8016C2AB4,
				F59073BC022D8E1801A80016,
				F56A3E110236B48C01A80013,
				F5A027E1023A6CB401A80013,
			);
			isa = PBXHeadersBuildPhase;
			runOnlyForDeploymentPostprocessing = 0;
		};
		089C1675FE841209C02AAC07 = {
			buildActionMask = 2147483647;
			files = (
				089C1680FE841241C02AAC07,
				F506C044013D9D8C01CA16C8,
				F5FBE289020D7FBD01E2136E,
				F5FBE293020D84FE01E2136E,
				F5FBE296020DCDF201E2136E,
				F5FBE299020DD14601E2136E,
				F5FBE29A020DD14601E2136E,
				F52B34DC020F1BC50197BDCC,
				F52A0A2A021318E5016C2AB4,
				F52A0A3102132D50016C2AB4,
				F52CD02702146B320157668B,
				F59073CE022D933101A80016,
				F56A3E150236B5A101A80013,
				F5A027DD023A616A01A80013,
				55510F9603F83E2B00000001,
			);
			isa = PBXResourcesBuildPhase;
			runOnlyForDeploymentPostprocessing = 0;
		};
		089C1676FE841209C02AAC07 = {
			buildActionMask = 2147483647;
			files = (
				F506C03F013D9D7901CA16C8,
				F5FBE28D020D82DC01E2136E,
				F5FBE291020D833601E2136E,
				F5FBE29E020DD61201E2136E,
				F5FBE2A2020DDC7401E2136E,
				F52A0A2E021320FE016C2AB4,
				F52A0A35021334A8016C2AB4,
				F59073BD022D8E1801A80016,
				F56A3E120236B48C01A80013,
				F5A027E2023A6CB401A80013,
			);
			isa = PBXSourcesBuildPhase;
			runOnlyForDeploymentPostprocessing = 0;
		};
		089C1677FE841209C02AAC07 = {
			buildActionMask = 2147483647;
			files = (
				1058C7AFFEA557BF11CA2CBB,
				F506C036013D953901CA16C8,
				F59073C0022D918E01A80016,
				F557037D022EE77B01A80016,
			);
			isa = PBXFrameworksBuildPhase;
			runOnlyForDeploymentPostprocessing = 0;
		};
		089C1679FE841209C02AAC07 = {
			buildActionMask = 2147483647;
			files = (
			);
			isa = PBXRezBuildPhase;
			runOnlyForDeploymentPostprocessing = 0;
		};
		089C167CFE841241C02AAC07 = {
			children = (
				089C167DFE841241C02AAC07,
				F52B34DA020F1BC50197BDCC,
				F52CD02602146B320157668B,
				F506C042013D9D8C01CA16C8,
				F5FBE287020D7FBD01E2136E,
				F52A0A2F02132D50016C2AB4,
				F56A3E130236B5A001A80013,
				F5A027DB023A616901A80013,
				F52A0A28021318E5016C2AB4,
				F5FBE294020DCDF201E2136E,
				F5FBE292020D84FE01E2136E,
				F5FBE297020DD14601E2136E,
				F5FBE298020DD14601E2136E,
				55510F9503F83E2B00000001,
			);
			isa = PBXGroup;
			name = Resources;
			refType = 4;
		};
		089C167DFE841241C02AAC07 = {
			children = (
				089C167EFE841241C02AAC07,
				F5593EDF0232637C01A80016,
				F56EE6320243C36801A80016,
				F599A066027CE17901D17707,
				F50A02C202FE09A701000104,
				F50827260309F9D301000104,
				F5280921032A958001000001,
			);
			isa = PBXVariantGroup;
			name = InfoPlist.strings;
			refType = 4;
		};
		089C167EFE841241C02AAC07 = {
			fileEncoding = 10;
			isa = PBXFileReference;
			name = English;
			path = English.lproj/InfoPlist.strings;
			refType = 4;
		};
		089C167FFE841241C02AAC07 = {
			isa = PBXFrameworkReference;
			name = AppKit.framework;
			path = /System/Library/Frameworks/AppKit.framework;
			refType = 0;
		};
		089C1680FE841241C02AAC07 = {
			fileRef = 089C167DFE841241C02AAC07;
			isa = PBXBuildFile;
			settings = {
			};
		};
		08FB77AFFE84173DC02AAC07 = {
			children = (
				F506C03C013D9D7901CA16C8,
				F506C03D013D9D7901CA16C8,
				F5FBE28E020D833601E2136E,
				F5FBE28F020D833601E2136E,
				F5FBE29F020DDC7401E2136E,
				F5FBE2A0020DDC7401E2136E,
				F5FBE28A020D82DC01E2136E,
				F5FBE28B020D82DC01E2136E,
				F52A0A32021334A8016C2AB4,
				F52A0A33021334A8016C2AB4,
				F52A0A2B021320FE016C2AB4,
				F52A0A2C021320FE016C2AB4,
				F56A3E0F0236B48C01A80013,
				F56A3E100236B48C01A80013,
				F5A027DE023A6CB401A80013,
				F5A027DF023A6CB401A80013,
				F5FBE29B020DD61201E2136E,
				F5FBE29C020DD61201E2136E,
			);
			isa = PBXGroup;
			name = Classes;
			refType = 4;
		};
//080
//081
//082
//083
//084
//100
//101
//102
//103
//104
		1058C7ACFEA557BF11CA2CBB = {
			children = (
				1058C7ADFEA557BF11CA2CBB,
				F506C035013D953901CA16C8,
				F59073BF022D918E01A80016,
				F59073C1022D92E301A80016,
				F557037C022EE77B01A80016,
			);
			isa = PBXGroup;
			name = "Linked Frameworks";
			refType = 4;
		};
		1058C7ADFEA557BF11CA2CBB = {
			isa = PBXFrameworkReference;
			name = Cocoa.framework;
			path = /System/Library/Frameworks/Cocoa.framework;
			refType = 0;
		};
		1058C7AEFEA557BF11CA2CBB = {
			children = (
				089C1672FE841209C02AAC07,
				089C167FFE841241C02AAC07,
			);
			isa = PBXGroup;
			name = "Other Frameworks";
			refType = 4;
		};
		1058C7AFFEA557BF11CA2CBB = {
			fileRef = 1058C7ADFEA557BF11CA2CBB;
			isa = PBXBuildFile;
			settings = {
			};
		};
//100
//101
//102
//103
//104
//190
//191
//192
//193
//194
		19C28FB8FE9D52D311CA2CBB = {
			children = (
				06F27B2EFFEEEFEF11CA0E56,
				F59073C2022D92E301A80016,
			);
			isa = PBXGroup;
			name = Products;
			refType = 4;
		};
//190
//191
//192
//193
//194
//550
//551
//552
//553
//554
		55510F9503F83E2B00000001 = {
			isa = PBXFileReference;
			path = MacGPG.icns;
			refType = 4;
		};
		55510F9603F83E2B00000001 = {
			fileRef = 55510F9503F83E2B00000001;
			isa = PBXBuildFile;
			settings = {
			};
		};
//550
//551
//552
//553
//554
//F50
//F51
//F52
//F53
//F54
		F506C035013D953901CA16C8 = {
			isa = PBXFrameworkReference;
			name = PreferencePanes.framework;
			path = /System/Library/Frameworks/PreferencePanes.framework;
			refType = 0;
		};
		F506C036013D953901CA16C8 = {
			fileRef = F506C035013D953901CA16C8;
			isa = PBXBuildFile;
			settings = {
			};
		};
		F506C03C013D9D7901CA16C8 = {
			fileEncoding = 30;
			isa = PBXFileReference;
			path = GPGPreferences.h;
			refType = 4;
		};
		F506C03D013D9D7901CA16C8 = {
			fileEncoding = 30;
			isa = PBXFileReference;
			path = GPGPreferences.m;
			refType = 4;
		};
		F506C03E013D9D7901CA16C8 = {
			fileRef = F506C03C013D9D7901CA16C8;
			isa = PBXBuildFile;
			settings = {
			};
		};
		F506C03F013D9D7901CA16C8 = {
			fileRef = F506C03D013D9D7901CA16C8;
			isa = PBXBuildFile;
			settings = {
			};
		};
		F506C042013D9D8C01CA16C8 = {
			children = (
				F506C043013D9D8C01CA16C8,
				F53869240232BC2701A80016,
				F56EE6330243C36801A80016,
				F599A068027CE17901D17707,
				F50A02C402FE09A701000104,
				F50827280309F9D301000104,
				F5280923032A979201000001,
			);
			isa = PBXVariantGroup;
			name = GPGPreferences.nib;
			path = "";
			refType = 4;
		};
		F506C043013D9D8C01CA16C8 = {
			isa = PBXFileReference;
			name = English;
			path = English.lproj/GPGPreferences.nib;
			refType = 4;
		};
		F506C044013D9D8C01CA16C8 = {
			fileRef = F506C042013D9D8C01CA16C8;
			isa = PBXBuildFile;
			settings = {
			};
		};
		F50827260309F9D301000104 = {
			fileEncoding = 10;
			isa = PBXFileReference;
			name = Danish;
			path = Danish.lproj/InfoPlist.strings;
			refType = 4;
		};
		F50827270309F9D301000104 = {
			fileEncoding = 10;
			isa = PBXFileReference;
			name = Danish;
			path = Danish.lproj/Localizable.strings;
			refType = 4;
		};
		F50827280309F9D301000104 = {
			isa = PBXFileReference;
			name = Danish;
			path = Danish.lproj/GPGPreferences.nib;
			refType = 4;
		};
		F50827290309F9D301000104 = {
			isa = PBXFileReference;
			name = Danish;
			path = Danish.lproj/GPGGlobalPrefs.nib;
			refType = 4;
		};
		F508272A0309F9D301000104 = {
			isa = PBXFileReference;
			name = Danish;
			path = Danish.lproj/GPGKeyServerPrefs.nib;
			refType = 4;
		};
		F508272B0309F9D301000104 = {
			isa = PBXFileReference;
			name = Danish;
			path = Danish.lproj/GPGSignaturePrefs.nib;
			refType = 4;
		};
		F508272C0309F9D301000104 = {
			isa = PBXFileReference;
			name = Danish;
			path = Danish.lproj/GPGExtensionsPrefs.nib;
			refType = 4;
		};
		F508272D0309F9D301000104 = {
			isa = PBXFileReference;
			name = Danish;
			path = Danish.lproj/GPGCompatibilityPrefs.nib;
			refType = 4;
		};
		F508272E0309F9D301000104 = {
			isa = PBXFileReference;
			name = Danish;
			path = Danish.lproj/GPGExpertPrefs.nib;
			refType = 4;
		};
		F50A02C202FE09A701000104 = {
			fileEncoding = 10;
			isa = PBXFileReference;
			name = Swedish;
			path = Swedish.lproj/InfoPlist.strings;
			refType = 4;
		};
		F50A02C302FE09A701000104 = {
			fileEncoding = 10;
			isa = PBXFileReference;
			name = Swedish;
			path = Swedish.lproj/Localizable.strings;
			refType = 4;
		};
		F50A02C402FE09A701000104 = {
			isa = PBXFileReference;
			name = Swedish;
			path = Swedish.lproj/GPGPreferences.nib;
			refType = 4;
		};
		F50A02C502FE09A701000104 = {
			isa = PBXFileReference;
			name = Swedish;
			path = Swedish.lproj/GPGGlobalPrefs.nib;
			refType = 4;
		};
		F50A02C602FE09A701000104 = {
			isa = PBXFileReference;
			name = Swedish;
			path = Swedish.lproj/GPGKeyServerPrefs.nib;
			refType = 4;
		};
		F50A02C702FE09A701000104 = {
			isa = PBXFileReference;
			name = Swedish;
			path = Swedish.lproj/GPGSignaturePrefs.nib;
			refType = 4;
		};
		F50A02C802FE09A701000104 = {
			isa = PBXFileReference;
			name = Swedish;
			path = Swedish.lproj/GPGExtensionsPrefs.nib;
			refType = 4;
		};
		F50A02C902FE09A701000104 = {
			isa = PBXFileReference;
			name = Swedish;
			path = Swedish.lproj/GPGCompatibilityPrefs.nib;
			refType = 4;
		};
		F50A02CA02FE09A701000104 = {
			isa = PBXFileReference;
			name = Swedish;
			path = Swedish.lproj/GPGExpertPrefs.nib;
			refType = 4;
		};
		F510D642031FC59E01000001 = {
			isa = PBXFileReference;
			name = Swedish;
			path = Swedish.lproj/ReadMe.rtf;
			refType = 4;
		};
		F510D643031FC59E01000001 = {
			isa = PBXFileReference;
			name = Swedish;
			path = Swedish.lproj/Welcome.rtf;
			refType = 4;
		};
		F510D644031FC5F001000001 = {
			fileEncoding = 30;
			isa = PBXFileReference;
			name = Swedish;
			path = Swedish.lproj/License.html;
			refType = 4;
		};
		F510D645031FC60A01000001 = {
			fileEncoding = 4;
			isa = PBXFileReference;
			name = Swedish;
			path = Swedish.lproj/GPGPreferences.info;
			refType = 4;
		};
		F510D646031FC65A01000001 = {
			fileEncoding = 4;
			isa = PBXFileReference;
			name = Danish;
			path = Danish.lproj/GPGPreferences.info;
			refType = 4;
		};
		F510D647031FC6E401000001 = {
			fileEncoding = 30;
			isa = PBXFileReference;
			name = Danish;
			path = Danish.lproj/License.html;
			refType = 4;
		};
		F510D648031FC77A01000001 = {
			isa = PBXFileReference;
			name = Danish;
			path = Danish.lproj/ReadMe.rtf;
			refType = 4;
		};
		F510D649031FC83F01000001 = {
			isa = PBXFileReference;
			name = Danish;
			path = Danish.lproj/Welcome.rtf;
			refType = 4;
		};
		F528091D032A948B01000001 = {
			fileEncoding = 30;
			isa = PBXFileReference;
			name = Italian;
			path = Italian.lproj/GPGPreferences.info;
			refType = 4;
		};
		F528091E032A948B01000001 = {
			fileEncoding = 30;
			isa = PBXFileReference;
			name = Italian;
			path = Italian.lproj/License.html;
			refType = 4;
		};
		F528091F032A94D401000001 = {
			isa = PBXFileReference;
			name = Italian;
			path = Italian.lproj/ReadMe.rtf;
			refType = 4;
		};
		F5280920032A94D401000001 = {
			isa = PBXFileReference;
			name = Italian;
			path = Italian.lproj/Welcome.rtf;
			refType = 4;
		};
		F5280921032A958001000001 = {
			fileEncoding = 10;
			isa = PBXFileReference;
			name = Italian;
			path = Italian.lproj/InfoPlist.strings;
			refType = 4;
		};
		F5280922032A958001000001 = {
			fileEncoding = 10;
			isa = PBXFileReference;
			name = Italian;
			path = Italian.lproj/Localizable.strings;
			refType = 4;
		};
		F5280923032A979201000001 = {
			isa = PBXFileReference;
			name = Italian;
			path = Italian.lproj/GPGPreferences.nib;
			refType = 4;
		};
		F5280924032A97C501000001 = {
			isa = PBXFileReference;
			name = Italian;
			path = Italian.lproj/GPGGlobalPrefs.nib;
			refType = 4;
		};
		F5280925032A97F201000001 = {
			isa = PBXFileReference;
			name = Italian;
			path = Italian.lproj/GPGKeyServerPrefs.nib;
			refType = 4;
		};
		F5280926032A981601000001 = {
			isa = PBXFileReference;
			name = Italian;
			path = Italian.lproj/GPGSignaturePrefs.nib;
			refType = 4;
		};
		F5280927032A983801000001 = {
			isa = PBXFileReference;
			name = Italian;
			path = Italian.lproj/GPGExtensionsPrefs.nib;
			refType = 4;
		};
		F5280928032A985E01000001 = {
			isa = PBXFileReference;
			name = Italian;
			path = Italian.lproj/GPGCompatibilityPrefs.nib;
			refType = 4;
		};
		F5280929032A987C01000001 = {
			isa = PBXFileReference;
			name = Italian;
			path = Italian.lproj/GPGExpertPrefs.nib;
			refType = 4;
		};
		F52A0A28021318E5016C2AB4 = {
			children = (
				F52A0A29021318E5016C2AB4,
				F53869270232BC2701A80016,
				F56EE6380243C36801A80016,
				F599A06D027CE17901D17707,
				F50A02C902FE09A701000104,
				F508272D0309F9D301000104,
				F5280928032A985E01000001,
			);
			isa = PBXVariantGroup;
			name = GPGCompatibilityPrefs.nib;
			path = "";
			refType = 4;
		};
		F52A0A29021318E5016C2AB4 = {
			isa = PBXFileReference;
			name = English;
			path = English.lproj/GPGCompatibilityPrefs.nib;
			refType = 4;
		};
		F52A0A2A021318E5016C2AB4 = {
			fileRef = F52A0A28021318E5016C2AB4;
			isa = PBXBuildFile;
			settings = {
			};
		};
		F52A0A2B021320FE016C2AB4 = {
			fileEncoding = 30;
			isa = PBXFileReference;
			path = GPGCompatibilityPrefs.h;
			refType = 4;
		};
		F52A0A2C021320FE016C2AB4 = {
			fileEncoding = 30;
			isa = PBXFileReference;
			path = GPGCompatibilityPrefs.m;
			refType = 4;
		};
		F52A0A2D021320FE016C2AB4 = {
			fileRef = F52A0A2B021320FE016C2AB4;
			isa = PBXBuildFile;
			settings = {
			};
		};
		F52A0A2E021320FE016C2AB4 = {
			fileRef = F52A0A2C021320FE016C2AB4;
			isa = PBXBuildFile;
			settings = {
			};
		};
		F52A0A2F02132D50016C2AB4 = {
			children = (
				F52A0A3002132D50016C2AB4,
				F53869260232BC2701A80016,
				F56EE6350243C36801A80016,
				F599A06A027CE17901D17707,
				F50A02C602FE09A701000104,
				F508272A0309F9D301000104,
				F5280925032A97F201000001,
			);
			isa = PBXVariantGroup;
			name = GPGKeyServerPrefs.nib;
			path = "";
			refType = 4;
		};
		F52A0A3002132D50016C2AB4 = {
			isa = PBXFileReference;
			name = English;
			path = English.lproj/GPGKeyServerPrefs.nib;
			refType = 4;
		};
		F52A0A3102132D50016C2AB4 = {
			fileRef = F52A0A2F02132D50016C2AB4;
			isa = PBXBuildFile;
			settings = {
			};
		};
		F52A0A32021334A8016C2AB4 = {
			fileEncoding = 30;
			isa = PBXFileReference;
			path = GPGKeyServerPrefs.h;
			refType = 4;
		};
		F52A0A33021334A8016C2AB4 = {
			fileEncoding = 30;
			isa = PBXFileReference;
			path = GPGKeyServerPrefs.m;
			refType = 4;
		};
		F52A0A34021334A8016C2AB4 = {
			fileRef = F52A0A32021334A8016C2AB4;
			isa = PBXBuildFile;
			settings = {
			};
		};
		F52A0A35021334A8016C2AB4 = {
			fileRef = F52A0A33021334A8016C2AB4;
			isa = PBXBuildFile;
			settings = {
			};
		};
		F52B34DA020F1BC50197BDCC = {
			children = (
				F52B34DB020F1BC50197BDCC,
				F5593EE00232637C01A80016,
				F5770C70023585EC0128824A,
				F599A067027CE17901D17707,
				F50A02C302FE09A701000104,
				F50827270309F9D301000104,
				F5280922032A958001000001,
			);
			isa = PBXVariantGroup;
			name = Localizable.strings;
			path = "";
			refType = 4;
		};
		F52B34DB020F1BC50197BDCC = {
			fileEncoding = 10;
			isa = PBXFileReference;
			name = English;
			path = English.lproj/Localizable.strings;
			refType = 4;
		};
		F52B34DC020F1BC50197BDCC = {
			fileRef = F52B34DA020F1BC50197BDCC;
			isa = PBXBuildFile;
			settings = {
			};
		};
		F52CD02602146B320157668B = {
			fileEncoding = 30;
			isa = PBXFileReference;
			path = KeyServers.plist;
			refType = 4;
		};
		F52CD02702146B320157668B = {
			fileRef = F52CD02602146B320157668B;
			isa = PBXBuildFile;
			settings = {
			};
		};
		F53869240232BC2701A80016 = {
			isa = PBXFileReference;
			name = French;
			path = French.lproj/GPGPreferences.nib;
			refType = 4;
		};
		F53869250232BC2701A80016 = {
			isa = PBXFileReference;
			name = French;
			path = French.lproj/GPGGlobalPrefs.nib;
			refType = 4;
		};
		F53869260232BC2701A80016 = {
			isa = PBXFileReference;
			name = French;
			path = French.lproj/GPGKeyServerPrefs.nib;
			refType = 4;
		};
		F53869270232BC2701A80016 = {
			isa = PBXFileReference;
			name = French;
			path = French.lproj/GPGCompatibilityPrefs.nib;
			refType = 4;
		};
		F53869280232BC2701A80016 = {
			isa = PBXFileReference;
			name = French;
			path = French.lproj/GPGExpertPrefs.nib;
			refType = 4;
		};
		F557037C022EE77B01A80016 = {
			isa = PBXFrameworkReference;
			name = Carbon.framework;
			path = /System/Library/Frameworks/Carbon.framework;
			refType = 0;
		};
		F557037D022EE77B01A80016 = {
			fileRef = F557037C022EE77B01A80016;
			isa = PBXBuildFile;
			settings = {
			};
		};
		F5593EDF0232637C01A80016 = {
			fileEncoding = 4;
			isa = PBXFileReference;
			name = French;
			path = French.lproj/InfoPlist.strings;
			refType = 4;
		};
		F5593EE00232637C01A80016 = {
			fileEncoding = 10;
			isa = PBXFileReference;
			name = French;
			path = French.lproj/Localizable.strings;
			refType = 4;
		};
		F5593EE10232658A01A80016 = {
			children = (
				F5593EE20232658A01A80016,
				F5593EE30232658A01A80016,
			);
			isa = PBXGroup;
			path = Installer;
			refType = 4;
		};
		F5593EE20232658A01A80016 = {
			isa = PBXFileReference;
			path = GPGPreferences.pmsp;
			refType = 4;
		};
		F5593EE30232658A01A80016 = {
			children = (
				F5593EE40232658A01A80016,
				F5593EE70232658A01A80016,
				F5593EEA0232658A01A80016,
				F5593EED0232658A01A80016,
				F5593EF00232658A01A80016,
			);
			isa = PBXGroup;
			path = Resources;
			refType = 4;
		};
		F5593EE40232658A01A80016 = {
			children = (
				F5593EE50232658A01A80016,
				F5593EE60232658A01A80016,
				F5BB3A6602468FCD01A80016,
				F5CAFDD002DF5D4701000002,
				F510D645031FC60A01000001,
				F510D646031FC65A01000001,
				F528091D032A948B01000001,
			);
			isa = PBXVariantGroup;
			name = GPGPreferences.info;
			path = "";
			refType = 4;
		};
		F5593EE50232658A01A80016 = {
			fileEncoding = 30;
			isa = PBXFileReference;
			name = English;
			path = English.lproj/GPGPreferences.info;
			refType = 4;
		};
		F5593EE60232658A01A80016 = {
			fileEncoding = 4;
			isa = PBXFileReference;
			name = French;
			path = French.lproj/GPGPreferences.info;
			refType = 4;
		};
		F5593EE70232658A01A80016 = {
			children = (
				F5593EE80232658A01A80016,
				F5593EE90232658A01A80016,
				F5BB3A6A0246913101A80016,
				F5CAFDCF02DE2BFC01000002,
				F510D644031FC5F001000001,
				F510D647031FC6E401000001,
				F528091E032A948B01000001,
			);
			isa = PBXVariantGroup;
			name = License.html;
			path = "";
			refType = 4;
		};
		F5593EE80232658A01A80016 = {
			fileEncoding = 12;
			isa = PBXFileReference;
			name = English;
			path = English.lproj/License.html;
			refType = 4;
		};
		F5593EE90232658A01A80016 = {
			fileEncoding = 12;
			isa = PBXFileReference;
			name = French;
			path = French.lproj/License.html;
			refType = 4;
		};
		F5593EEA0232658A01A80016 = {
			children = (
				F5593EEB0232658A01A80016,
				F5593EEC0232658A01A80016,
				F5BB3A6802468FCD01A80016,
				F5CAFDD102DF5DA101000002,
				F510D642031FC59E01000001,
				F510D648031FC77A01000001,
				F528091F032A94D401000001,
			);
			isa = PBXVariantGroup;
			name = ReadMe.rtf;
			path = "";
			refType = 4;
		};
		F5593EEB0232658A01A80016 = {
			isa = PBXFileReference;
			name = English;
			path = English.lproj/ReadMe.rtf;
			refType = 4;
		};
		F5593EEC0232658A01A80016 = {
			isa = PBXFileReference;
			name = French;
			path = French.lproj/ReadMe.rtf;
			refType = 4;
		};
		F5593EED0232658A01A80016 = {
			children = (
				F5593EEE0232658A01A80016,
				F5593EEF0232658A01A80016,
				F5BB3A6902468FCD01A80016,
				F5CAFDD202DF5DC701000002,
				F510D643031FC59E01000001,
				F510D649031FC83F01000001,
				F5280920032A94D401000001,
			);
			isa = PBXVariantGroup;
			name = Welcome.rtf;
			path = "";
			refType = 4;
		};
		F5593EEE0232658A01A80016 = {
			isa = PBXFileReference;
			name = English;
			path = English.lproj/Welcome.rtf;
			refType = 4;
		};
		F5593EEF0232658A01A80016 = {
			isa = PBXFileReference;
			name = French;
			path = French.lproj/Welcome.rtf;
			refType = 4;
		};
		F5593EF00232658A01A80016 = {
			fileEncoding = 30;
			isa = PBXExecutableFileReference;
			path = GPGPreferences.post_install;
			refType = 4;
		};
		F56A3E0F0236B48C01A80013 = {
			fileEncoding = 30;
			isa = PBXFileReference;
			path = GPGSignaturePrefs.h;
			refType = 4;
		};
		F56A3E100236B48C01A80013 = {
			fileEncoding = 30;
			isa = PBXFileReference;
			path = GPGSignaturePrefs.m;
			refType = 4;
		};
		F56A3E110236B48C01A80013 = {
			fileRef = F56A3E0F0236B48C01A80013;
			isa = PBXBuildFile;
			settings = {
			};
		};
		F56A3E120236B48C01A80013 = {
			fileRef = F56A3E100236B48C01A80013;
			isa = PBXBuildFile;
			settings = {
			};
		};
		F56A3E130236B5A001A80013 = {
			children = (
				F56A3E140236B5A001A80013,
				F5D1F659023C260301A80016,
				F56EE6360243C36801A80016,
				F599A06B027CE17901D17707,
				F50A02C702FE09A701000104,
				F508272B0309F9D301000104,
				F5280926032A981601000001,
			);
			isa = PBXVariantGroup;
			name = GPGSignaturePrefs.nib;
			path = "";
			refType = 4;
		};
		F56A3E140236B5A001A80013 = {
			isa = PBXFileReference;
			name = English;
			path = English.lproj/GPGSignaturePrefs.nib;
			refType = 4;
		};
		F56A3E150236B5A101A80013 = {
			fileRef = F56A3E130236B5A001A80013;
			isa = PBXBuildFile;
			settings = {
			};
		};
		F56EE6320243C36801A80016 = {
			fileEncoding = 10;
			isa = PBXFileReference;
			name = Spanish;
			path = Spanish.lproj/InfoPlist.strings;
			refType = 4;
		};
		F56EE6330243C36801A80016 = {
			isa = PBXFileReference;
			name = Spanish;
			path = Spanish.lproj/GPGPreferences.nib;
			refType = 4;
		};
		F56EE6340243C36801A80016 = {
			isa = PBXFileReference;
			name = Spanish;
			path = Spanish.lproj/GPGGlobalPrefs.nib;
			refType = 4;
		};
		F56EE6350243C36801A80016 = {
			isa = PBXFileReference;
			name = Spanish;
			path = Spanish.lproj/GPGKeyServerPrefs.nib;
			refType = 4;
		};
		F56EE6360243C36801A80016 = {
			isa = PBXFileReference;
			name = Spanish;
			path = Spanish.lproj/GPGSignaturePrefs.nib;
			refType = 4;
		};
		F56EE6370243C36801A80016 = {
			isa = PBXFileReference;
			name = Spanish;
			path = Spanish.lproj/GPGExtensionsPrefs.nib;
			refType = 4;
		};
		F56EE6380243C36801A80016 = {
			isa = PBXFileReference;
			name = Spanish;
			path = Spanish.lproj/GPGCompatibilityPrefs.nib;
			refType = 4;
		};
		F56EE6390243C36801A80016 = {
			isa = PBXFileReference;
			name = Spanish;
			path = Spanish.lproj/GPGExpertPrefs.nib;
			refType = 4;
		};
		F5770C70023585EC0128824A = {
			fileEncoding = 10;
			isa = PBXFileReference;
			name = Spanish;
			path = Spanish.lproj/Localizable.strings;
			refType = 4;
		};
		F59073B9022D8E1801A80016 = {
			fileEncoding = 30;
			isa = PBXFileReference;
			path = authapp.c;
			refType = 4;
		};
		F59073BA022D8E1801A80016 = {
			fileEncoding = 30;
			isa = PBXFileReference;
			path = authinfo.h;
			refType = 4;
		};
		F59073BB022D8E1801A80016 = {
			fileEncoding = 30;
			isa = PBXFileReference;
			path = authtool.c;
			refType = 4;
		};
		F59073BC022D8E1801A80016 = {
			fileRef = F59073BA022D8E1801A80016;
			isa = PBXBuildFile;
			settings = {
			};
		};
		F59073BD022D8E1801A80016 = {
			fileRef = F59073B9022D8E1801A80016;
			isa = PBXBuildFile;
			settings = {
			};
		};
		F59073BF022D918E01A80016 = {
			isa = PBXFrameworkReference;
			name = Security.framework;
			path = /System/Library/Frameworks/Security.framework;
			refType = 0;
		};
		F59073C0022D918E01A80016 = {
			fileRef = F59073BF022D918E01A80016;
			isa = PBXBuildFile;
			settings = {
			};
		};
		F59073C1022D92E301A80016 = {
			isa = PBXFrameworkReference;
			name = CoreFoundation.framework;
			path = /System/Library/Frameworks/CoreFoundation.framework;
			refType = 0;
		};
		F59073C2022D92E301A80016 = {
			isa = PBXExecutableFileReference;
			path = authtool;
			refType = 3;
		};
		F59073C3022D92E301A80016 = {
			isa = PBXTargetDependency;
			target = F59073C4022D92E301A80016;
		};
		F59073C4022D92E301A80016 = {
			buildPhases = (
				F59073C5022D92E301A80016,
				F59073C7022D92E301A80016,
				F59073C9022D92E301A80016,
				F59073CC022D92E301A80016,
			);
			buildSettings = {
				OTHER_CFLAGS = "";
				OTHER_LDFLAGS = "";
				OTHER_REZFLAGS = "";
				PRODUCT_NAME = authtool;
				REZ_EXECUTABLE = YES;
				SECTORDER_FLAGS = "";
				WARNING_CFLAGS = "-Wmost -Wno-four-char-constants -Wno-unknown-pragmas";
			};
			dependencies = (
			);
			isa = PBXToolTarget;
			name = authtool;
			productInstallPath = /usr/local/bin;
			productName = authtool;
			productReference = F59073C2022D92E301A80016;
		};
		F59073C5022D92E301A80016 = {
			buildActionMask = 2147483647;
			files = (
				F59073C6022D92E301A80016,
			);
			isa = PBXHeadersBuildPhase;
			runOnlyForDeploymentPostprocessing = 0;
		};
		F59073C6022D92E301A80016 = {
			fileRef = F59073BA022D8E1801A80016;
			isa = PBXBuildFile;
			settings = {
			};
		};
		F59073C7022D92E301A80016 = {
			buildActionMask = 2147483647;
			files = (
				F59073C8022D92E301A80016,
				F590AC3702980B6401000001,
			);
			isa = PBXSourcesBuildPhase;
			runOnlyForDeploymentPostprocessing = 0;
		};
		F59073C8022D92E301A80016 = {
			fileRef = F59073BB022D8E1801A80016;
			isa = PBXBuildFile;
			settings = {
			};
		};
		F59073C9022D92E301A80016 = {
			buildActionMask = 2147483647;
			files = (
				F59073CA022D92E301A80016,
				F59073CB022D92E301A80016,
			);
			isa = PBXFrameworksBuildPhase;
			runOnlyForDeploymentPostprocessing = 0;
		};
		F59073CA022D92E301A80016 = {
			fileRef = F59073BF022D918E01A80016;
			isa = PBXBuildFile;
			settings = {
			};
		};
		F59073CB022D92E301A80016 = {
			fileRef = F59073C1022D92E301A80016;
			isa = PBXBuildFile;
			settings = {
			};
		};
		F59073CC022D92E301A80016 = {
			buildActionMask = 2147483647;
			files = (
			);
			isa = PBXRezBuildPhase;
			runOnlyForDeploymentPostprocessing = 0;
		};
		F59073CE022D933101A80016 = {
			fileRef = F59073C2022D92E301A80016;
			isa = PBXBuildFile;
			settings = {
			};
		};
		F590AC3602980B6401000001 = {
			fileEncoding = 30;
			isa = PBXFileReference;
			path = getpath.c;
			refType = 4;
		};
		F590AC3702980B6401000001 = {
			fileRef = F590AC3602980B6401000001;
			isa = PBXBuildFile;
			settings = {
			};
		};
		F599A066027CE17901D17707 = {
			fileEncoding = 10;
			isa = PBXFileReference;
			name = German;
			path = German.lproj/InfoPlist.strings;
			refType = 4;
		};
		F599A067027CE17901D17707 = {
			fileEncoding = 10;
			isa = PBXFileReference;
			name = German;
			path = German.lproj/Localizable.strings;
			refType = 4;
		};
		F599A068027CE17901D17707 = {
			isa = PBXFileReference;
			name = German;
			path = German.lproj/GPGPreferences.nib;
			refType = 4;
		};
		F599A069027CE17901D17707 = {
			isa = PBXFileReference;
			name = German;
			path = German.lproj/GPGGlobalPrefs.nib;
			refType = 4;
		};
		F599A06A027CE17901D17707 = {
			isa = PBXFileReference;
			name = German;
			path = German.lproj/GPGKeyServerPrefs.nib;
			refType = 4;
		};
		F599A06B027CE17901D17707 = {
			isa = PBXFileReference;
			name = German;
			path = German.lproj/GPGSignaturePrefs.nib;
			refType = 4;
		};
		F599A06C027CE17901D17707 = {
			isa = PBXFileReference;
			name = German;
			path = German.lproj/GPGExtensionsPrefs.nib;
			refType = 4;
		};
		F599A06D027CE17901D17707 = {
			isa = PBXFileReference;
			name = German;
			path = German.lproj/GPGCompatibilityPrefs.nib;
			refType = 4;
		};
		F599A06E027CE17901D17707 = {
			isa = PBXFileReference;
			name = German;
			path = German.lproj/GPGExpertPrefs.nib;
			refType = 4;
		};
		F5A027DB023A616901A80013 = {
			children = (
				F5A027DC023A616901A80013,
				F5D1F65A023C260301A80016,
				F56EE6370243C36801A80016,
				F599A06C027CE17901D17707,
				F50A02C802FE09A701000104,
				F508272C0309F9D301000104,
				F5280927032A983801000001,
			);
			isa = PBXVariantGroup;
			name = GPGExtensionsPrefs.nib;
			path = "";
			refType = 4;
		};
		F5A027DC023A616901A80013 = {
			isa = PBXFileReference;
			name = English;
			path = English.lproj/GPGExtensionsPrefs.nib;
			refType = 4;
		};
		F5A027DD023A616A01A80013 = {
			fileRef = F5A027DB023A616901A80013;
			isa = PBXBuildFile;
			settings = {
			};
		};
		F5A027DE023A6CB401A80013 = {
			fileEncoding = 30;
			isa = PBXFileReference;
			path = GPGExtensionsPrefs.h;
			refType = 4;
		};
		F5A027DF023A6CB401A80013 = {
			fileEncoding = 30;
			isa = PBXFileReference;
			path = GPGExtensionsPrefs.m;
			refType = 4;
		};
		F5A027E0023A6CB401A80013 = {
			children = (
				F59073B9022D8E1801A80016,
				F59073BA022D8E1801A80016,
				F59073BB022D8E1801A80016,
				F590AC3602980B6401000001,
			);
			isa = PBXGroup;
			name = AuthTool;
			refType = 4;
		};
		F5A027E1023A6CB401A80013 = {
			fileRef = F5A027DE023A6CB401A80013;
			isa = PBXBuildFile;
			settings = {
			};
		};
		F5A027E2023A6CB401A80013 = {
			fileRef = F5A027DF023A6CB401A80013;
			isa = PBXBuildFile;
			settings = {
			};
		};
		F5BB3A6602468FCD01A80016 = {
			fileEncoding = 30;
			isa = PBXFileReference;
			name = Spanish;
			path = Spanish.lproj/GPGPreferences.info;
			refType = 4;
		};
		F5BB3A6802468FCD01A80016 = {
			isa = PBXFileReference;
			name = Spanish;
			path = Spanish.lproj/ReadMe.rtf;
			refType = 4;
		};
		F5BB3A6902468FCD01A80016 = {
			isa = PBXFileReference;
			name = Spanish;
			path = Spanish.lproj/Welcome.rtf;
			refType = 4;
		};
		F5BB3A6A0246913101A80016 = {
			fileEncoding = 30;
			isa = PBXFileReference;
			name = Spanish;
			path = Spanish.lproj/License.html;
			refType = 4;
		};
		F5CAFDCF02DE2BFC01000002 = {
			fileEncoding = 30;
			isa = PBXFileReference;
			name = German;
			path = German.lproj/License.html;
			refType = 4;
		};
		F5CAFDD002DF5D4701000002 = {
			fileEncoding = 4;
			isa = PBXFileReference;
			name = German;
			path = German.lproj/GPGPreferences.info;
			refType = 4;
		};
		F5CAFDD102DF5DA101000002 = {
			isa = PBXFileReference;
			name = German;
			path = German.lproj/ReadMe.rtf;
			refType = 4;
		};
		F5CAFDD202DF5DC701000002 = {
			isa = PBXFileReference;
			name = German;
			path = German.lproj/Welcome.rtf;
			refType = 4;
		};
		F5D1F659023C260301A80016 = {
			isa = PBXFileReference;
			name = French;
			path = French.lproj/GPGSignaturePrefs.nib;
			refType = 4;
		};
		F5D1F65A023C260301A80016 = {
			isa = PBXFileReference;
			name = French;
			path = French.lproj/GPGExtensionsPrefs.nib;
			refType = 4;
		};
		F5FBE27C020D720801E2136E = {
			children = (
				F5FBE27D020D723C01E2136E,
			);
			isa = PBXGroup;
			name = Documentation;
			refType = 4;
		};
		F5FBE27D020D723C01E2136E = {
			fileEncoding = 30;
			isa = PBXFileReference;
			path = gpgSettings.txt;
			refType = 4;
		};
		F5FBE284020D787101E2136E = {
			buildActionMask = 2147483647;
			files = (
			);
			generatedFileNames = (
			);
			isa = PBXShellScriptBuildPhase;
			neededFileNames = (
			);
			runOnlyForDeploymentPostprocessing = 0;
			shellPath = /bin/sh;
			shellScript = "# Let's remove the current bundle\nrm -rf \"$USER_LIBRARY_DIR/PreferencePanes/$PRODUCT_NAME.$WRAPPER_EXTENSION\"\nmkdir -p \"$USER_LIBRARY_DIR/PreferencePanes\"\n\n# and make a link from the build to the installation folder\nln -s \"$SYMROOT/$PRODUCT_NAME.$WRAPPER_EXTENSION\" \"$USER_LIBRARY_DIR/PreferencePanes/\"\n\n# Let's also signal SystemPreferences that our bundle changed\nrm -rf \"$USER_LIBRARY_DIR/Caches/.ApplePrefPanesCache\"\n";
		};
		F5FBE287020D7FBD01E2136E = {
			children = (
				F5FBE288020D7FBD01E2136E,
				F53869250232BC2701A80016,
				F56EE6340243C36801A80016,
				F599A069027CE17901D17707,
				F50A02C502FE09A701000104,
				F50827290309F9D301000104,
				F5280924032A97C501000001,
			);
			isa = PBXVariantGroup;
			name = GPGGlobalPrefs.nib;
			path = "";
			refType = 4;
		};
		F5FBE288020D7FBD01E2136E = {
			isa = PBXFileReference;
			name = English;
			path = English.lproj/GPGGlobalPrefs.nib;
			refType = 4;
		};
		F5FBE289020D7FBD01E2136E = {
			fileRef = F5FBE287020D7FBD01E2136E;
			isa = PBXBuildFile;
			settings = {
			};
		};
		F5FBE28A020D82DC01E2136E = {
			fileEncoding = 30;
			isa = PBXFileReference;
			path = GPGGlobalPrefs.h;
			refType = 4;
		};
		F5FBE28B020D82DC01E2136E = {
			fileEncoding = 30;
			isa = PBXFileReference;
			path = GPGGlobalPrefs.m;
			refType = 4;
		};
		F5FBE28C020D82DC01E2136E = {
			fileRef = F5FBE28A020D82DC01E2136E;
			isa = PBXBuildFile;
			settings = {
			};
		};
		F5FBE28D020D82DC01E2136E = {
			fileRef = F5FBE28B020D82DC01E2136E;
			isa = PBXBuildFile;
			settings = {
			};
		};
		F5FBE28E020D833601E2136E = {
			fileEncoding = 30;
			isa = PBXFileReference;
			path = GPGPrefController.h;
			refType = 4;
		};
		F5FBE28F020D833601E2136E = {
			fileEncoding = 30;
			isa = PBXFileReference;
			path = GPGPrefController.m;
			refType = 4;
		};
		F5FBE290020D833601E2136E = {
			fileRef = F5FBE28E020D833601E2136E;
			isa = PBXBuildFile;
			settings = {
			};
		};
		F5FBE291020D833601E2136E = {
			fileRef = F5FBE28F020D833601E2136E;
			isa = PBXBuildFile;
			settings = {
			};
		};
		F5FBE292020D84FE01E2136E = {
			isa = PBXFileReference;
			path = SmallAlert5.tiff;
			refType = 4;
		};
		F5FBE293020D84FE01E2136E = {
			fileRef = F5FBE292020D84FE01E2136E;
			isa = PBXBuildFile;
			settings = {
			};
		};
		F5FBE294020DCDF201E2136E = {
			children = (
				F5FBE295020DCDF201E2136E,
				F53869280232BC2701A80016,
				F56EE6390243C36801A80016,
				F599A06E027CE17901D17707,
				F50A02CA02FE09A701000104,
				F508272E0309F9D301000104,
				F5280929032A987C01000001,
			);
			isa = PBXVariantGroup;
			name = GPGExpertPrefs.nib;
			path = "";
			refType = 4;
		};
		F5FBE295020DCDF201E2136E = {
			isa = PBXFileReference;
			name = English;
			path = English.lproj/GPGExpertPrefs.nib;
			refType = 4;
		};
		F5FBE296020DCDF201E2136E = {
			fileRef = F5FBE294020DCDF201E2136E;
			isa = PBXBuildFile;
			settings = {
			};
		};
		F5FBE297020DD14601E2136E = {
			isa = PBXFileReference;
			path = MinusIcon.tiff;
			refType = 4;
		};
		F5FBE298020DD14601E2136E = {
			isa = PBXFileReference;
			path = PlusIcon.tiff;
			refType = 4;
		};
		F5FBE299020DD14601E2136E = {
			fileRef = F5FBE297020DD14601E2136E;
			isa = PBXBuildFile;
			settings = {
			};
		};
		F5FBE29A020DD14601E2136E = {
			fileRef = F5FBE298020DD14601E2136E;
			isa = PBXBuildFile;
			settings = {
			};
		};
		F5FBE29B020DD61201E2136E = {
			fileEncoding = 30;
			isa = PBXFileReference;
			path = GPGExpertPrefs.h;
			refType = 4;
		};
		F5FBE29C020DD61201E2136E = {
			fileEncoding = 30;
			isa = PBXFileReference;
			path = GPGExpertPrefs.m;
			refType = 4;
		};
		F5FBE29D020DD61201E2136E = {
			fileRef = F5FBE29B020DD61201E2136E;
			isa = PBXBuildFile;
			settings = {
			};
		};
		F5FBE29E020DD61201E2136E = {
			fileRef = F5FBE29C020DD61201E2136E;
			isa = PBXBuildFile;
			settings = {
			};
		};
		F5FBE29F020DDC7401E2136E = {
			fileEncoding = 30;
			isa = PBXFileReference;
			path = GPGOptions.h;
			refType = 4;
		};
		F5FBE2A0020DDC7401E2136E = {
			fileEncoding = 30;
			isa = PBXFileReference;
			path = GPGOptions.m;
			refType = 4;
		};
		F5FBE2A1020DDC7401E2136E = {
			fileRef = F5FBE29F020DDC7401E2136E;
			isa = PBXBuildFile;
			settings = {
			};
		};
		F5FBE2A2020DDC7401E2136E = {
			fileRef = F5FBE2A0020DDC7401E2136E;
			isa = PBXBuildFile;
			settings = {
			};
		};
	};
	rootObject = 089C1669FE841209C02AAC07;
}
